<?xml version="1.0" encoding="utf-8"?>
<Project ToolsVersion="4.0" xmlns="http://schemas.microsoft.com/developer/msbuild/2003">
  <ItemGroup>
    <Filter Include="Source Files">
      <UniqueIdentifier>{4FC737F1-C7A5-4376-A066-2A32D752A2FF}</UniqueIdentifier>
      <Extensions>cpp;c;cc;cxx;def;odl;idl;hpj;bat;asm;asmx</Extensions>
    </Filter>
    <Filter Include="Header Files">
      <UniqueIdentifier>{93995380-89BD-4b04-88EB-625FBE52EBFB}</UniqueIdentifier>
      <Extensions>h;hh;hpp;hxx;hm;inl;inc;ipp;xsd</Extensions>
    </Filter>
    <Filter Include="Resource Files">
      <UniqueIdentifier>{67DA6AB6-F800-4c08-8B7A-83BB121AAD01}</UniqueIdentifier>
      <Extensions>rc;ico;cur;bmp;dlg;rc2;rct;bin;rgs;gif;jpg;jpeg;jpe;resx;tiff;tif;png;wav;mfcribbon-ms</Extensions>
    </Filter>
    <Filter Include="Source Files\PrimitiveTest">
      <UniqueIdentifier>{1be2695d-584c-4606-9660-56f21d4993cd}</UniqueIdentifier>
    </Filter>
    <Filter Include="Source Files\PalindromTest">
      <UniqueIdentifier>{194f1929-8f46-4c6a-bc68-8df15fff1611}</UniqueIdentifier>
    </Filter>
    <Filter Include="Source Files\LeetCode">
      <UniqueIdentifier>{9766efbd-fd27-4150-8a39-508a130b0856}</UniqueIdentifier>
    </Filter>
    <Filter Include="Source Files\IV">
      <UniqueIdentifier>{b0406a03-94a2-47c9-b6ba-e04d99d2a873}</UniqueIdentifier>
    </Filter>
  </ItemGroup>
  <ItemGroup>
    <ClCompile Include="00.Test1.cpp">
      <Filter>Source Files</Filter>
    </ClCompile>
    <ClCompile Include="01.RemoveDuplication1.cpp">
      <Filter>Source Files</Filter>
    </ClCompile>
    <ClCompile Include="02.AddTwoNumber.cpp">
      <Filter>Source Files</Filter>
    </ClCompile>
    <ClCompile Include="01.Stack1.cpp">
      <Filter>Source Files\PrimitiveTest</Filter>
    </ClCompile>
    <ClCompile Include="02.Heap1.cpp">
      <Filter>Source Files\PrimitiveTest</Filter>
    </ClCompile>
    <ClCompile Include="477. Total Hamming Distance.cpp">
      <Filter>Source Files</Filter>
    </ClCompile>
    <ClCompile Include="03.PriorityQueue1.cpp">
      <Filter>Source Files\PrimitiveTest</Filter>
    </ClCompile>
    <ClCompile Include="60.PermutationSequence1.cpp">
      <Filter>Source Files</Filter>
    </ClCompile>
    <ClCompile Include="04.ExhaustiveSearch1.cpp">
      <Filter>Source Files\PrimitiveTest</Filter>
    </ClCompile>
    <ClCompile Include="05.PalindromTest1.cpp">
      <Filter>Source Files\PalindromTest</Filter>
    </ClCompile>
    <ClCompile Include="06.PalindromTest2.cpp">
      <Filter>Source Files\PalindromTest</Filter>
    </ClCompile>
    <ClCompile Include="05.PalindromTest3.cpp">
      <Filter>Source Files\LeetCode</Filter>
    </ClCompile>
    <ClCompile Include="171.ExcelSheetColumnNumber1.cpp">
      <Filter>Source Files\LeetCode</Filter>
    </ClCompile>
    <ClCompile Include="18.4Sum1.cpp">
      <Filter>Source Files\LeetCode</Filter>
    </ClCompile>
    <ClCompile Include="46.Permutations1.cpp">
      <Filter>Source Files\LeetCode</Filter>
    </ClCompile>
    <ClCompile Include="43.MultiplyStrings1.cpp">
      <Filter>Source Files</Filter>
    </ClCompile>
    <ClCompile Include="89.GrayCode1.cpp">
      <Filter>Source Files\LeetCode</Filter>
    </ClCompile>
    <ClCompile Include="287.FindTheDuplicateNumber1.cpp">
      <Filter>Source Files\LeetCode</Filter>
    </ClCompile>
    <ClCompile Include="451.SortCharByFrequency1.cpp">
      <Filter>Source Files</Filter>
    </ClCompile>
    <ClCompile Include="718.MaxLengthofRepeatedSubarray1.cpp">
      <Filter>Source Files\LeetCode</Filter>
    </ClCompile>
    <ClCompile Include="05.MapTest1.cpp">
      <Filter>Source Files\PrimitiveTest</Filter>
    </ClCompile>
    <ClCompile Include="523.ContinuousSubarraySum1.cpp">
      <Filter>Source Files</Filter>
    </ClCompile>
    <ClCompile Include="146.LRU Cache1.cpp">
      <Filter>Source Files\LeetCode</Filter>
    </ClCompile>
    <ClCompile Include="06.ListWithPair1.cpp">
      <Filter>Source Files\PrimitiveTest</Filter>
    </ClCompile>
    <ClCompile Include="179.LagrestNumber1_XX.cpp">
      <Filter>Source Files</Filter>
    </ClCompile>
    <ClCompile Include="136.SingleNumber1.cpp">
      <Filter>Source Files\LeetCode</Filter>
    </ClCompile>
    <ClCompile Include="180620_FacebookInterview1.cpp">
      <Filter>Source Files\IV</Filter>
    </ClCompile>
    <ClCompile Include="19.Remove Nth Node from End of List 1.cpp">
      <Filter>Source Files\LeetCode</Filter>
    </ClCompile>
    <ClCompile Include="TODO+719.FindK-thSmallestPairDistance1.cpp">
      <Filter>Source Files</Filter>
    </ClCompile>
    <ClCompile Include="54.SpiralMatrix1.cpp">
      <Filter>Source Files\LeetCode</Filter>
    </ClCompile>
    <ClCompile Include="TODO_446.ArithmeticSliceII1.cpp">
      <Filter>Source Files</Filter>
    </ClCompile>
    <ClCompile Include="TODO_316.RemoveDuplicateLetters.cpp">
      <Filter>Source Files</Filter>
    </ClCompile>
    <ClCompile Include="141.LinkedListCycle.cpp">
      <Filter>Source Files\LeetCode</Filter>
    </ClCompile>
    <ClCompile Include="155.MinStack.cpp">
      <Filter>Source Files\LeetCode</Filter>
    </ClCompile>
    <ClCompile Include="160.IntersectionOfTwoLinkedLists.cpp">
      <Filter>Source Files</Filter>
    </ClCompile>
  </ItemGroup>
</Project>