<?xml version="1.0" encoding="utf-8"?>
<Project ToolsVersion="4.0" xmlns="http://schemas.microsoft.com/developer/msbuild/2003">
  <ItemGroup>
    <Filter Include="Source Files">
      <UniqueIdentifier>{4FC737F1-C7A5-4376-A066-2A32D752A2FF}</UniqueIdentifier>
      <Extensions>cpp;c;cc;cxx;def;odl;idl;hpj;bat;asm;asmx</Extensions>
    </Filter>
    <Filter Include="Header Files">
      <UniqueIdentifier>{93995380-89BD-4b04-88EB-625FBE52EBFB}</UniqueIdentifier>
      <Extensions>h;hh;hpp;hxx;hm;inl;inc;ipp;xsd</Extensions>
    </Filter>
    <Filter Include="Source Files\PrimitiveTest">
      <UniqueIdentifier>{1be2695d-584c-4606-9660-56f21d4993cd}</UniqueIdentifier>
    </Filter>
    <Filter Include="Source Files\PalindromTest">
      <UniqueIdentifier>{194f1929-8f46-4c6a-bc68-8df15fff1611}</UniqueIdentifier>
    </Filter>
    <Filter Include="Source Files\LeetCode">
      <UniqueIdentifier>{9766efbd-fd27-4150-8a39-508a130b0856}</UniqueIdentifier>
    </Filter>
    <Filter Include="Source Files\IV">
      <UniqueIdentifier>{b0406a03-94a2-47c9-b6ba-e04d99d2a873}</UniqueIdentifier>
    </Filter>
    <Filter Include="Source Files\IV\180806_GM_SR_SW">
      <UniqueIdentifier>{2c3a1180-5daf-4c0a-8df3-4cca8483705d}</UniqueIdentifier>
    </Filter>
    <Filter Include="Source Files\StringTest">
      <UniqueIdentifier>{ca9da001-3b1f-439d-9317-d837b897c3b0}</UniqueIdentifier>
    </Filter>
    <Filter Include="Source Files\IV\180806_GM_SR_SW\Resource Files">
      <UniqueIdentifier>{67DA6AB6-F800-4c08-8B7A-83BB121AAD01}</UniqueIdentifier>
      <Extensions>rc;ico;cur;bmp;dlg;rc2;rct;bin;rgs;gif;jpg;jpeg;jpe;resx;tiff;tif;png;wav;mfcribbon-ms</Extensions>
    </Filter>
    <Filter Include="Source Files\LeetCode_II">
      <UniqueIdentifier>{6053d986-ffe9-4db4-8dea-c9c2fe612fd0}</UniqueIdentifier>
    </Filter>
    <Filter Include="Source Files\SunnyIDTest">
      <UniqueIdentifier>{22b54878-8432-43e2-b6d1-5bc3b89e9471}</UniqueIdentifier>
    </Filter>
    <Filter Include="Source Files\SunnyIDTest\AmazonTop">
      <UniqueIdentifier>{67e9135d-2674-4464-8561-edd0739cb578}</UniqueIdentifier>
    </Filter>
    <Filter Include="Source Files\SunnyIDTest\GoogleTop">
      <UniqueIdentifier>{0140a8be-5c90-4e2a-b634-300c0cdd81fc}</UniqueIdentifier>
    </Filter>
    <Filter Include="Source Files\IV_Practice">
      <UniqueIdentifier>{0f738ec9-ccab-4e50-b1ec-85e2ccb34d7f}</UniqueIdentifier>
    </Filter>
    <Filter Include="Source Files\IV_Practice\HireVue_Sample">
      <UniqueIdentifier>{adfaabc3-493a-4430-b17d-072adb657a93}</UniqueIdentifier>
    </Filter>
    <Filter Include="Source Files\IV\220724_GM_SR_System_Engineer">
      <UniqueIdentifier>{88e2eb40-1941-4b24-a276-d774ead9abe8}</UniqueIdentifier>
    </Filter>
    <Filter Include="Source Files\IV\220724_GM_SR_System_Engineer\gm01_1">
      <UniqueIdentifier>{fcefe407-9d88-4d2e-85a0-0aedaebe54d4}</UniqueIdentifier>
    </Filter>
    <Filter Include="Source Files\SunnyIDTest\Easy">
      <UniqueIdentifier>{063731c8-238f-4114-af12-fb1d2dfe7916}</UniqueIdentifier>
    </Filter>
  </ItemGroup>
  <ItemGroup>
    <ClCompile Include="00.Test1.cpp">
      <Filter>Source Files</Filter>
    </ClCompile>
    <ClCompile Include="01.RemoveDuplication1.cpp">
      <Filter>Source Files</Filter>
    </ClCompile>
    <ClCompile Include="02.AddTwoNumber.cpp">
      <Filter>Source Files</Filter>
    </ClCompile>
    <ClCompile Include="01.Stack1.cpp">
      <Filter>Source Files\PrimitiveTest</Filter>
    </ClCompile>
    <ClCompile Include="02.Heap1.cpp">
      <Filter>Source Files\PrimitiveTest</Filter>
    </ClCompile>
    <ClCompile Include="03.PriorityQueue1.cpp">
      <Filter>Source Files\PrimitiveTest</Filter>
    </ClCompile>
    <ClCompile Include="60.PermutationSequence1.cpp">
      <Filter>Source Files</Filter>
    </ClCompile>
    <ClCompile Include="04.ExhaustiveSearch1.cpp">
      <Filter>Source Files\PrimitiveTest</Filter>
    </ClCompile>
    <ClCompile Include="05.PalindromTest1.cpp">
      <Filter>Source Files\PalindromTest</Filter>
    </ClCompile>
    <ClCompile Include="06.PalindromTest2.cpp">
      <Filter>Source Files\PalindromTest</Filter>
    </ClCompile>
    <ClCompile Include="05.PalindromTest3.cpp">
      <Filter>Source Files\LeetCode</Filter>
    </ClCompile>
    <ClCompile Include="171.ExcelSheetColumnNumber1.cpp">
      <Filter>Source Files\LeetCode</Filter>
    </ClCompile>
    <ClCompile Include="18.4Sum1.cpp">
      <Filter>Source Files\LeetCode</Filter>
    </ClCompile>
    <ClCompile Include="46.Permutations1.cpp">
      <Filter>Source Files\LeetCode</Filter>
    </ClCompile>
    <ClCompile Include="89.GrayCode1.cpp">
      <Filter>Source Files\LeetCode</Filter>
    </ClCompile>
    <ClCompile Include="287.FindTheDuplicateNumber1.cpp">
      <Filter>Source Files\LeetCode</Filter>
    </ClCompile>
    <ClCompile Include="451.SortCharByFrequency1.cpp">
      <Filter>Source Files</Filter>
    </ClCompile>
    <ClCompile Include="718.MaxLengthofRepeatedSubarray1.cpp">
      <Filter>Source Files\LeetCode</Filter>
    </ClCompile>
    <ClCompile Include="05.MapTest1.cpp">
      <Filter>Source Files\PrimitiveTest</Filter>
    </ClCompile>
    <ClCompile Include="523.ContinuousSubarraySum1.cpp">
      <Filter>Source Files</Filter>
    </ClCompile>
    <ClCompile Include="146.LRU Cache1.cpp">
      <Filter>Source Files\LeetCode</Filter>
    </ClCompile>
    <ClCompile Include="06.ListWithPair1.cpp">
      <Filter>Source Files\PrimitiveTest</Filter>
    </ClCompile>
    <ClCompile Include="179.LagrestNumber1_XX.cpp">
      <Filter>Source Files</Filter>
    </ClCompile>
    <ClCompile Include="136.SingleNumber1.cpp">
      <Filter>Source Files\LeetCode</Filter>
    </ClCompile>
    <ClCompile Include="180620_FacebookInterview1.cpp">
      <Filter>Source Files\IV</Filter>
    </ClCompile>
    <ClCompile Include="19.Remove Nth Node from End of List 1.cpp">
      <Filter>Source Files\LeetCode</Filter>
    </ClCompile>
    <ClCompile Include="TODO+719.FindK-thSmallestPairDistance1.cpp">
      <Filter>Source Files</Filter>
    </ClCompile>
    <ClCompile Include="54.SpiralMatrix1.cpp">
      <Filter>Source Files\LeetCode</Filter>
    </ClCompile>
    <ClCompile Include="TODO_446.ArithmeticSliceII1.cpp">
      <Filter>Source Files</Filter>
    </ClCompile>
    <ClCompile Include="TODO_316.RemoveDuplicateLetters.cpp">
      <Filter>Source Files</Filter>
    </ClCompile>
    <ClCompile Include="141.LinkedListCycle.cpp">
      <Filter>Source Files\LeetCode</Filter>
    </ClCompile>
    <ClCompile Include="155.MinStack.cpp">
      <Filter>Source Files\LeetCode</Filter>
    </ClCompile>
    <ClCompile Include="142.LinkedListCycle II1.cpp">
      <Filter>Source Files\LeetCode</Filter>
    </ClCompile>
    <ClCompile Include="160.IntersectionOfTwoLinkedLists.cpp">
      <Filter>Source Files\LeetCode</Filter>
    </ClCompile>
    <ClCompile Include="169.MajorityElement.cpp">
      <Filter>Source Files\LeetCode</Filter>
    </ClCompile>
    <ClCompile Include="07.vectorTest1.cpp">
      <Filter>Source Files\PrimitiveTest</Filter>
    </ClCompile>
    <ClCompile Include="198.HouseRobber1.cpp">
      <Filter>Source Files</Filter>
    </ClCompile>
    <ClCompile Include="gm01.cpp">
      <Filter>Source Files\IV\180806_GM_SR_SW</Filter>
    </ClCompile>
    <ClCompile Include="gm02.cpp">
      <Filter>Source Files\IV\180806_GM_SR_SW</Filter>
    </ClCompile>
    <ClCompile Include="gm03.cpp">
      <Filter>Source Files\IV\180806_GM_SR_SW</Filter>
    </ClCompile>
    <ClCompile Include="gm04.cpp">
      <Filter>Source Files\IV\180806_GM_SR_SW</Filter>
    </ClCompile>
    <ClCompile Include="01.TwoSum.cpp">
      <Filter>Source Files\LeetCode</Filter>
    </ClCompile>
    <ClCompile Include="08.unordered_map.cpp">
      <Filter>Source Files\PrimitiveTest</Filter>
    </ClCompile>
    <ClCompile Include="09.map1..cpp">
      <Filter>Source Files\PrimitiveTest</Filter>
    </ClCompile>
    <ClCompile Include="03.LongestSubstringWithoutRepeat.cpp">
      <Filter>Source Files</Filter>
    </ClCompile>
    <ClCompile Include="s01_string1.cpp">
      <Filter>Source Files\StringTest</Filter>
    </ClCompile>
    <ClCompile Include="08.StringtoInteger01.cpp">
      <Filter>Source Files\LeetCode</Filter>
    </ClCompile>
    <ClCompile Include="12.IntegerToRoman2.cpp">
      <Filter>Source Files\LeetCode</Filter>
    </ClCompile>
    <ClCompile Include="15.3Sum1.cpp">
      <Filter>Source Files\LeetCode</Filter>
    </ClCompile>
    <ClCompile Include="6.ZigZag1.cpp">
      <Filter>Source Files\LeetCode</Filter>
    </ClCompile>
    <ClCompile Include="29.DivideTwoInteger1.cpp">
      <Filter>Source Files\LeetCode</Filter>
    </ClCompile>
    <ClCompile Include="29.DivideTwoInteger2_fromInt.cpp">
      <Filter>Source Files\LeetCode</Filter>
    </ClCompile>
    <ClCompile Include="24.SwapNodesinPairs1.cpp">
      <Filter>Source Files\LeetCode</Filter>
    </ClCompile>
    <ClCompile Include="31.NextPermutation1.cpp">
      <Filter>Source Files\LeetCode</Filter>
    </ClCompile>
    <ClCompile Include="33.SearchinRotatedSortedArray1.cpp">
      <Filter>Source Files\LeetCode</Filter>
    </ClCompile>
    <ClCompile Include="34.FirstLastPositionOfSortedArray.cpp">
      <Filter>Source Files\LeetCode</Filter>
    </ClCompile>
    <ClCompile Include="36.ValidSudoku.cpp">
      <Filter>Source Files\LeetCode</Filter>
    </ClCompile>
    <ClCompile Include="39.CombinationSum1.cpp">
      <Filter>Source Files\LeetCode</Filter>
    </ClCompile>
    <ClCompile Include="40.CombinationSum2.cpp">
      <Filter>Source Files\LeetCode</Filter>
    </ClCompile>
    <ClCompile Include="43.MultiplyStrings1.cpp">
      <Filter>Source Files\LeetCode</Filter>
    </ClCompile>
    <ClCompile Include="47.PermutationII.cpp">
      <Filter>Source Files\LeetCode</Filter>
    </ClCompile>
    <ClCompile Include="48.RotateImage1.cpp">
      <Filter>Source Files\LeetCode</Filter>
    </ClCompile>
    <ClCompile Include="49.GroupAnagrams1.cpp">
      <Filter>Source Files\LeetCode</Filter>
    </ClCompile>
    <ClCompile Include="50.pow1.cpp">
      <Filter>Source Files\LeetCode</Filter>
    </ClCompile>
    <ClCompile Include="55.JumpGame1.cpp">
      <Filter>Source Files\LeetCode</Filter>
    </ClCompile>
    <ClCompile Include="56.MergeInterval1.cpp">
      <Filter>Source Files\LeetCode</Filter>
    </ClCompile>
    <ClCompile Include="59.SpiralMatrixII1.cpp">
      <Filter>Source Files\LeetCode</Filter>
    </ClCompile>
    <ClCompile Include="60.PermutationSeq1.cpp">
      <Filter>Source Files\LeetCode</Filter>
    </ClCompile>
    <ClCompile Include="61.RotateList1.cpp">
      <Filter>Source Files\LeetCode</Filter>
    </ClCompile>
    <ClCompile Include="62.UniquePaths1.cpp">
      <Filter>Source Files\LeetCode</Filter>
    </ClCompile>
    <ClCompile Include="63.UniquePathII2.cpp">
      <Filter>Source Files\LeetCode</Filter>
    </ClCompile>
    <ClCompile Include="64.MinimumPathSum1.cpp">
      <Filter>Source Files\LeetCode</Filter>
    </ClCompile>
    <ClCompile Include="71.SimplifiedPath1.cpp">
      <Filter>Source Files\LeetCode</Filter>
    </ClCompile>
    <ClCompile Include="73.SetMatrixZeroes.cpp">
      <Filter>Source Files\LeetCode</Filter>
    </ClCompile>
    <ClCompile Include="74.Searcha2DMatrix.cpp">
      <Filter>Source Files\LeetCode</Filter>
    </ClCompile>
    <ClCompile Include="75.SortColors1.cpp">
      <Filter>Source Files\LeetCode</Filter>
    </ClCompile>
    <ClCompile Include="77.Combination1.cpp">
      <Filter>Source Files\LeetCode</Filter>
    </ClCompile>
    <ClCompile Include="78.Subsets1.cpp">
      <Filter>Source Files\LeetCode</Filter>
    </ClCompile>
    <ClCompile Include="79.WordSearch1.cpp">
      <Filter>Source Files\LeetCode</Filter>
    </ClCompile>
    <ClCompile Include="_79.WordSearch2.cpp">
      <Filter>Source Files\LeetCode</Filter>
    </ClCompile>
    <ClCompile Include="80.RemoveduplicatefromSortedArrayII.cpp">
      <Filter>Source Files\LeetCode</Filter>
    </ClCompile>
    <ClCompile Include="33.SearchinRotatedSortedArray2.cpp">
      <Filter>Source Files\LeetCode</Filter>
    </ClCompile>
    <ClCompile Include="81.SearchinRotatedSortedArrayII1.cpp">
      <Filter>Source Files\LeetCode</Filter>
    </ClCompile>
    <ClCompile Include="82.RemoveDuplicateFromSortedListII_1.cpp">
      <Filter>Source Files\LeetCode</Filter>
    </ClCompile>
    <ClCompile Include="86.PartitionList1.cpp">
      <Filter>Source Files\LeetCode</Filter>
    </ClCompile>
    <ClCompile Include="90.SubsetII.cpp">
      <Filter>Source Files\LeetCode</Filter>
    </ClCompile>
    <ClCompile Include="91.DecodeWays_XXXX.cpp">
      <Filter>Source Files\LeetCode</Filter>
    </ClCompile>
    <ClCompile Include="92.ReverseLinedListII.cpp">
      <Filter>Source Files\LeetCode</Filter>
    </ClCompile>
    <ClCompile Include="93.RestoreIpAddress.cpp">
      <Filter>Source Files\LeetCode</Filter>
    </ClCompile>
    <ClCompile Include="_95.UniqueBinarySearchTreeII.cpp">
      <Filter>Source Files\LeetCode</Filter>
    </ClCompile>
    <ClCompile Include="95.UniqueBinarySearchTreeII_2.cpp">
      <Filter>Source Files\LeetCode</Filter>
    </ClCompile>
    <ClCompile Include="96.UniqueBinarySearchTrees.cpp">
      <Filter>Source Files\LeetCode</Filter>
    </ClCompile>
    <ClCompile Include="10.mapClassTest.cpp">
      <Filter>Source Files\PrimitiveTest</Filter>
    </ClCompile>
    <ClCompile Include="96._2UniqueBinarySearchTree_Test.cpp">
      <Filter>Source Files\LeetCode</Filter>
    </ClCompile>
    <ClCompile Include="98.ValidateBinarySearchTree.cpp">
      <Filter>Source Files\LeetCode</Filter>
    </ClCompile>
    <ClCompile Include="102.BinaryTreeLevelOrderTraveral.cpp">
      <Filter>Source Files\LeetCode</Filter>
    </ClCompile>
    <ClCompile Include="103.BinaryTreeZigzagLevelOrderTraversal.cpp">
      <Filter>Source Files\LeetCode</Filter>
    </ClCompile>
    <ClCompile Include="105.Construct BinTree from preorder and inorder traversal.cpp">
      <Filter>Source Files\LeetCode</Filter>
    </ClCompile>
    <ClCompile Include="106.ConsturctBST_from In Post order.cpp">
      <Filter>Source Files\LeetCode</Filter>
    </ClCompile>
    <ClCompile Include="109.ConvertSortedListtoBinarySearchTree.cpp">
      <Filter>Source Files\LeetCode</Filter>
    </ClCompile>
    <ClCompile Include="113.PathSumII.cpp">
      <Filter>Source Files\LeetCode</Filter>
    </ClCompile>
    <ClCompile Include="114.FlatternBTreetoLinkedList.cpp">
      <Filter>Source Files\LeetCode</Filter>
    </ClCompile>
    <ClCompile Include="116.PopulatingNextRightPointersinEachNode.cpp">
      <Filter>Source Files\LeetCode</Filter>
    </ClCompile>
    <ClCompile Include="117.PopulatingNextRightPointersin EachNodeII.cpp">
      <Filter>Source Files\LeetCode</Filter>
    </ClCompile>
    <ClCompile Include="120.Triangle.cpp">
      <Filter>Source Files\LeetCode</Filter>
    </ClCompile>
    <ClCompile Include="_127.WordLadder.cpp">
      <Filter>Source Files\LeetCode</Filter>
    </ClCompile>
    <ClCompile Include="129.SumRootToLeafNumbers.cpp">
      <Filter>Source Files\LeetCode</Filter>
    </ClCompile>
    <ClCompile Include="130.SurroundedRegions.cpp">
      <Filter>Source Files\LeetCode</Filter>
    </ClCompile>
    <ClCompile Include="313.PalindromePartition.cpp">
      <Filter>Source Files\LeetCode</Filter>
    </ClCompile>
    <ClCompile Include="143.ReorderList1.cpp">
      <Filter>Source Files\LeetCode</Filter>
    </ClCompile>
    <ClCompile Include="133.CloneGraph1.cpp">
      <Filter>Source Files\LeetCode</Filter>
    </ClCompile>
    <ClCompile Include="134.GatStateion.cpp">
      <Filter>Source Files\LeetCode</Filter>
    </ClCompile>
    <ClCompile Include="144.BinaryTreePreorderTraversal.cpp">
      <Filter>Source Files\LeetCode</Filter>
    </ClCompile>
    <ClCompile Include="147.InsertionSortList.cpp">
      <Filter>Source Files\LeetCode</Filter>
    </ClCompile>
    <ClCompile Include="148.SortList.cpp">
      <Filter>Source Files\LeetCode</Filter>
    </ClCompile>
    <ClCompile Include="11.PointerTest.cpp">
      <Filter>Source Files\PrimitiveTest</Filter>
    </ClCompile>
    <ClCompile Include="150.EvaluateReversePolishNotation.cpp">
      <Filter>Source Files\LeetCode</Filter>
    </ClCompile>
    <ClCompile Include="151.ReverseWordsinaString.cpp">
      <Filter>Source Files\LeetCode</Filter>
    </ClCompile>
    <ClCompile Include="152.MaximumProductSubarray.cpp">
      <Filter>Source Files\LeetCode</Filter>
    </ClCompile>
    <ClCompile Include="153.FindMininRotatedSortedArray.cpp">
      <Filter>Source Files\LeetCode</Filter>
    </ClCompile>
    <ClCompile Include="162.FindPeakElement.cpp">
      <Filter>Source Files\LeetCode</Filter>
    </ClCompile>
    <ClCompile Include="165.CompareVersionNumber.cpp">
      <Filter>Source Files\LeetCode</Filter>
    </ClCompile>
    <ClCompile Include="166.FractionToRecurringDecimal.cpp">
      <Filter>Source Files\LeetCode</Filter>
    </ClCompile>
    <ClCompile Include="173.BSTIterator1.cpp">
      <Filter>Source Files\LeetCode</Filter>
    </ClCompile>
    <ClCompile Include="187.RepeatedDNASequence.cpp">
      <Filter>Source Files\LeetCode</Filter>
    </ClCompile>
    <ClCompile Include="199.BinTreeRightSideView.cpp">
      <Filter>Source Files\LeetCode</Filter>
    </ClCompile>
    <ClCompile Include="200.Numbers of Islands.cpp">
      <Filter>Source Files\LeetCode</Filter>
    </ClCompile>
    <ClCompile Include="201.BitwiseAndofNumbersRange.cpp">
      <Filter>Source Files\LeetCode</Filter>
    </ClCompile>
    <ClCompile Include="208.ImplementTrie1.cpp">
      <Filter>Source Files\LeetCode</Filter>
    </ClCompile>
    <ClCompile Include="209.MinSizeSubarraySum.cpp">
      <Filter>Source Files\LeetCode</Filter>
    </ClCompile>
    <ClCompile Include="210.CourseScheduleII.cpp">
      <Filter>Source Files\LeetCode</Filter>
    </ClCompile>
    <ClCompile Include="207.CouseSchedule.cpp">
      <Filter>Source Files\LeetCode</Filter>
    </ClCompile>
    <ClCompile Include="211.AddandSearchSord.cpp">
      <Filter>Source Files\LeetCode</Filter>
    </ClCompile>
    <ClCompile Include="212.WordSearchII.cpp">
      <Filter>Source Files\LeetCode</Filter>
    </ClCompile>
    <ClCompile Include="213.HouseRobberII.cpp">
      <Filter>Source Files</Filter>
    </ClCompile>
    <ClCompile Include="215.KthLargestElementinanArray.cpp">
      <Filter>Source Files\LeetCode</Filter>
    </ClCompile>
    <ClCompile Include="216.CombinationSumII.cpp">
      <Filter>Source Files\LeetCode</Filter>
    </ClCompile>
    <ClCompile Include="220.ContainsDuplicateIII.cpp">
      <Filter>Source Files\LeetCode</Filter>
    </ClCompile>
    <ClCompile Include="221.MaximalSquare.cpp">
      <Filter>Source Files\LeetCode</Filter>
    </ClCompile>
    <ClCompile Include="222.CountCompleteTreeNodes.cpp">
      <Filter>Source Files\LeetCode</Filter>
    </ClCompile>
    <ClCompile Include="223.RectangleArea.cpp">
      <Filter>Source Files\LeetCode</Filter>
    </ClCompile>
    <ClCompile Include="228.SummaryRanges.cpp">
      <Filter>Source Files\LeetCode</Filter>
    </ClCompile>
    <ClCompile Include="229.MajorityElementII.cpp">
      <Filter>Source Files\LeetCode</Filter>
    </ClCompile>
    <ClCompile Include="230.KthSmallestElement.cpp">
      <Filter>Source Files\LeetCode</Filter>
    </ClCompile>
    <ClCompile Include="236.LowestCommonAncestor.cpp">
      <Filter>Source Files\LeetCode</Filter>
    </ClCompile>
    <ClCompile Include="238.Product of ArrayExcept Self.cpp">
      <Filter>Source Files\LeetCode</Filter>
    </ClCompile>
    <ClCompile Include="240.Search2DMatrixII.cpp">
      <Filter>Source Files\LeetCode</Filter>
    </ClCompile>
    <ClCompile Include="241.DiffwayToAddParentheses.cpp">
      <Filter>Source Files\LeetCode</Filter>
    </ClCompile>
    <ClCompile Include="260.SingleNumberIII.cpp">
      <Filter>Source Files\LeetCode</Filter>
    </ClCompile>
    <ClCompile Include="264.UblyNumberII.cpp">
      <Filter>Source Files\LeetCode</Filter>
    </ClCompile>
    <ClCompile Include="289.GameOfLife.cpp">
      <Filter>Source Files\LeetCode</Filter>
    </ClCompile>
    <ClCompile Include="300.LongestIncreasingSubsequence.cpp">
      <Filter>Source Files\LeetCode</Filter>
    </ClCompile>
    <ClCompile Include="304.RangeSumQuery2D.cpp">
      <Filter>Source Files\LeetCode</Filter>
    </ClCompile>
    <ClCompile Include="306.AddiviteNumber.cpp">
      <Filter>Source Files\LeetCode</Filter>
    </ClCompile>
    <ClCompile Include="307.RangesumQuery_Mutable.cpp">
      <Filter>Source Files\LeetCode</Filter>
    </ClCompile>
    <ClCompile Include="309.BestTimetoBuyandSellStock.cpp">
      <Filter>Source Files\LeetCode</Filter>
    </ClCompile>
    <ClCompile Include="310.MinumumHeightTrees.cpp">
      <Filter>Source Files\LeetCode</Filter>
    </ClCompile>
    <ClCompile Include="313.SuperUglyNumber.cpp">
      <Filter>Source Files\LeetCode</Filter>
    </ClCompile>
    <ClCompile Include="318. MaxproductofWordLength.cpp">
      <Filter>Source Files\LeetCode</Filter>
    </ClCompile>
    <ClCompile Include="319.Bulbswitcher.cpp">
      <Filter>Source Files\LeetCode</Filter>
    </ClCompile>
    <ClCompile Include="322.CoinChange1.cpp">
      <Filter>Source Files\LeetCode</Filter>
    </ClCompile>
    <ClCompile Include="324.WiggleSortII.cpp">
      <Filter>Source Files\LeetCode</Filter>
    </ClCompile>
    <ClCompile Include="328.OddEvenLinkedList.cpp">
      <Filter>Source Files\LeetCode</Filter>
    </ClCompile>
    <ClCompile Include="332.ReconstructItenerary.cpp">
      <Filter>Source Files\LeetCode</Filter>
    </ClCompile>
    <ClCompile Include="334.IncreasingTripletSubsequence.cpp">
      <Filter>Source Files\LeetCode</Filter>
    </ClCompile>
    <ClCompile Include="337.HouseRobberIII.cpp">
      <Filter>Source Files\LeetCode</Filter>
    </ClCompile>
    <ClCompile Include="338.CountingBits.cpp">
      <Filter>Source Files\LeetCode</Filter>
    </ClCompile>
    <ClCompile Include="341.FlattenNastedListIterator.cpp">
      <Filter>Source Files\LeetCode</Filter>
    </ClCompile>
    <ClCompile Include="347.TopKFrequentElements.cpp">
      <Filter>Source Files\LeetCode</Filter>
    </ClCompile>
    <ClCompile Include="355.DesignTwitter2.cpp">
      <Filter>Source Files\LeetCode</Filter>
    </ClCompile>
    <ClCompile Include="357.CountNumberswithUnique.cpp">
      <Filter>Source Files\LeetCode</Filter>
    </ClCompile>
    <ClCompile Include="365. _CheckLater_Water and Jug Problem.cpp">
      <Filter>Source Files\LeetCode</Filter>
    </ClCompile>
    <ClCompile Include="372.SuperPow.cpp">
      <Filter>Source Files\LeetCode</Filter>
    </ClCompile>
    <ClCompile Include="373.FindKPairwithSmallestsums.cpp">
      <Filter>Source Files\LeetCode</Filter>
    </ClCompile>
    <ClCompile Include="375.GuessNumberHigherorLowerII.cpp">
      <Filter>Source Files\LeetCode</Filter>
    </ClCompile>
    <ClCompile Include="378.KthSmallestElements in a sortedMatrix.cpp">
      <Filter>Source Files\LeetCode</Filter>
    </ClCompile>
    <ClCompile Include="382.LinkedListRandomNode.cpp">
      <Filter>Source Files\LeetCode</Filter>
    </ClCompile>
    <ClCompile Include="380.InsertDeleteGetRandom.cpp">
      <Filter>Source Files\LeetCode</Filter>
    </ClCompile>
    <ClCompile Include="384.ShuffleanArray.cpp">
      <Filter>Source Files\LeetCode</Filter>
    </ClCompile>
    <ClCompile Include="385._MiniParser.cpp">
      <Filter>Source Files\LeetCode</Filter>
    </ClCompile>
    <ClCompile Include="386.LexicographicalNumber.cpp">
      <Filter>Source Files\LeetCode</Filter>
    </ClCompile>
    <ClCompile Include="388.LongestAbsoluteFilePath.cpp">
      <Filter>Source Files\LeetCode</Filter>
    </ClCompile>
    <ClCompile Include="390.EliminationGame!!.cpp">
      <Filter>Source Files\LeetCode</Filter>
    </ClCompile>
    <ClCompile Include="393.UTF-8Validation.cpp">
      <Filter>Source Files\LeetCode</Filter>
    </ClCompile>
    <ClCompile Include="394.DecodeString.cpp">
      <Filter>Source Files\LeetCode</Filter>
    </ClCompile>
    <ClCompile Include="395.LongestSubstringwithAtLeastKRepeatingChar.cpp">
      <Filter>Source Files\LeetCode</Filter>
    </ClCompile>
    <ClCompile Include="396.RotateFunction.cpp">
      <Filter>Source Files\LeetCode</Filter>
    </ClCompile>
    <ClCompile Include="397.IntegerReplacement.cpp">
      <Filter>Source Files\LeetCode</Filter>
    </ClCompile>
    <ClCompile Include="398.RandomPickIndex.cpp">
      <Filter>Source Files\LeetCode</Filter>
    </ClCompile>
    <ClCompile Include="399.EvaluateDivision.cpp">
      <Filter>Source Files\LeetCode</Filter>
    </ClCompile>
    <ClCompile Include="400.NthDigit.cpp">
      <Filter>Source Files\LeetCode</Filter>
    </ClCompile>
    <ClCompile Include="402.RemoveKDigits.cpp">
      <Filter>Source Files\LeetCode</Filter>
    </ClCompile>
    <ClCompile Include="406.QueueReconstructionbyHeight.cpp">
      <Filter>Source Files\LeetCode</Filter>
    </ClCompile>
    <ClCompile Include="413.ArithmaticSlices.cpp">
      <Filter>Source Files\LeetCode</Filter>
    </ClCompile>
    <ClCompile Include="416.PartitionEqualSubsetSum.cpp">
      <Filter>Source Files\LeetCode</Filter>
    </ClCompile>
    <ClCompile Include="417.PacificAtlanticWaterFlow.cpp">
      <Filter>Source Files\LeetCode</Filter>
    </ClCompile>
    <ClCompile Include="419.BattleShip in a Board.cpp">
      <Filter>Source Files\LeetCode</Filter>
    </ClCompile>
    <ClCompile Include="421.MaxXorofTwo.cpp">
      <Filter>Source Files\LeetCode</Filter>
    </ClCompile>
    <ClCompile Include="423.ReconstructOriginaldigitsFromEnglish.cpp">
      <Filter>Source Files\LeetCode</Filter>
    </ClCompile>
    <ClCompile Include="424.LongestRepeatingCharReplace.cpp">
      <Filter>Source Files\LeetCode</Filter>
    </ClCompile>
    <ClCompile Include="427.ConstructQuatTree.cpp">
      <Filter>Source Files\LeetCode</Filter>
    </ClCompile>
    <ClCompile Include="429.N-aryTreeLevelOrderTraversal.cpp">
      <Filter>Source Files\LeetCode</Filter>
    </ClCompile>
    <ClCompile Include="430.FlattenAMultilevelDoublyLinkedList.cpp">
      <Filter>Source Files</Filter>
    </ClCompile>
    <ClCompile Include="433.MiniumGeneticMutation.cpp">
      <Filter>Source Files\LeetCode</Filter>
    </ClCompile>
    <ClCompile Include="435.NonOverlappingIntervals.cpp">
      <Filter>Source Files\LeetCode</Filter>
    </ClCompile>
    <ClCompile Include="436.FindRightInterval.cpp">
      <Filter>Source Files\LeetCode</Filter>
    </ClCompile>
    <ClCompile Include="438.findAllAnagramsInAString.cpp">
      <Filter>Source Files\LeetCode</Filter>
    </ClCompile>
    <ClCompile Include="442.FindAllDuplicaesInAnArray.cpp">
      <Filter>Source Files\LeetCode</Filter>
    </ClCompile>
    <ClCompile Include="445.AddTwoNumberII.cpp">
      <Filter>Source Files\LeetCode</Filter>
    </ClCompile>
    <ClCompile Include="449.SerializeandDeserializeBST.cpp">
      <Filter>Source Files\LeetCode</Filter>
    </ClCompile>
    <ClCompile Include="450.DeleteNodeinBST.cpp">
      <Filter>Source Files\LeetCode</Filter>
    </ClCompile>
    <ClCompile Include="452.MinNumberOfArrow.cpp">
      <Filter>Source Files\LeetCode</Filter>
    </ClCompile>
    <ClCompile Include="454.4SunII.cpp">
      <Filter>Source Files\LeetCode</Filter>
    </ClCompile>
    <ClCompile Include="456.132Pattern.cpp">
      <Filter>Source Files\LeetCode</Filter>
    </ClCompile>
    <ClCompile Include="457.CircularArrayLoop.cpp">
      <Filter>Source Files\LeetCode</Filter>
    </ClCompile>
    <ClCompile Include="462.MinMoveToEqualArrayElementsII.cpp">
      <Filter>Source Files\LeetCode</Filter>
    </ClCompile>
    <ClCompile Include="464.CanIWin.cpp">
      <Filter>Source Files</Filter>
    </ClCompile>
    <ClCompile Include="467.UniqueSubstringsinWraparoundString.cpp">
      <Filter>Source Files\LeetCode</Filter>
    </ClCompile>
    <ClCompile Include="468.ValidateIPAddress.cpp">
      <Filter>Source Files\LeetCode</Filter>
    </ClCompile>
    <ClCompile Include="473.MatchstickstoSquare.cpp">
      <Filter>Source Files</Filter>
    </ClCompile>
    <ClCompile Include="474.Onesandzeres.cpp">
      <Filter>Source Files\LeetCode</Filter>
    </ClCompile>
    <ClCompile Include="470.ImplementRand10usingRand7.cpp">
      <Filter>Source Files\LeetCode</Filter>
    </ClCompile>
    <ClCompile Include="477. Total Hamming Distance.cpp">
      <Filter>Source Files\LeetCode</Filter>
    </ClCompile>
    <ClCompile Include="478.RandPointinCircle.cpp">
      <Filter>Source Files\LeetCode</Filter>
    </ClCompile>
    <ClCompile Include="481.MagicalString.cpp">
      <Filter>Source Files\LeetCode</Filter>
    </ClCompile>
    <ClCompile Include="486.PreditTheWinner.cpp">
      <Filter>Source Files\LeetCode</Filter>
    </ClCompile>
    <ClCompile Include="491.IncreasingSubsequence.cpp">
      <Filter>Source Files\LeetCode</Filter>
    </ClCompile>
    <ClCompile Include="494.TargetSum.cpp">
      <Filter>Source Files\LeetCode</Filter>
    </ClCompile>
    <ClCompile Include="495.TeemoAttacking.cpp">
      <Filter>Source Files\LeetCode</Filter>
    </ClCompile>
    <ClCompile Include="497.RandPointNonOverlappingRectanble.cpp">
      <Filter>Source Files\LeetCode</Filter>
    </ClCompile>
    <ClCompile Include="498.DiagonalTraverse.cpp">
      <Filter>Source Files\LeetCode</Filter>
    </ClCompile>
    <ClCompile Include="503.NextGreaterElementII.cpp">
      <Filter>Source Files\LeetCode</Filter>
    </ClCompile>
    <ClCompile Include="508.MostFreqSubTreesum.cpp">
      <Filter>Source Files\LeetCode</Filter>
    </ClCompile>
    <ClCompile Include="513.FindBottomLeftTreeValue.cpp">
      <Filter>Source Files\LeetCode</Filter>
    </ClCompile>
    <ClCompile Include="515.FindLargestValueinEachTreeRow.cpp">
      <Filter>Source Files\LeetCode</Filter>
    </ClCompile>
    <ClCompile Include="516.LongestPalindronmicSubseq.cpp">
      <Filter>Source Files\LeetCode</Filter>
    </ClCompile>
    <ClCompile Include="518.CoinChange2.cpp">
      <Filter>Source Files\LeetCode</Filter>
    </ClCompile>
    <ClCompile Include="519.RandomFlipMatrix.cpp">
      <Filter>Source Files\LeetCode</Filter>
    </ClCompile>
    <ClCompile Include="524.LongestWordin Dictionary.cpp">
      <Filter>Source Files\LeetCode</Filter>
    </ClCompile>
    <ClCompile Include="528.RandomPickwithWeight.cpp">
      <Filter>Source Files\LeetCode</Filter>
    </ClCompile>
    <ClCompile Include="535.EncodeAndDecodeTinyUrl.cpp">
      <Filter>Source Files\LeetCode</Filter>
    </ClCompile>
    <ClCompile Include="537.ComplexMultiplication.cpp">
      <Filter>Source Files\LeetCode_II</Filter>
    </ClCompile>
    <ClCompile Include="539.MinTimeDifference.cpp">
      <Filter>Source Files\LeetCode_II</Filter>
    </ClCompile>
    <ClCompile Include="540.SingleElementInASortedArray.cpp">
      <Filter>Source Files\LeetCode_II</Filter>
    </ClCompile>
    <ClCompile Include="542.01Matrix.cpp">
      <Filter>Source Files\LeetCode_II</Filter>
    </ClCompile>
    <ClCompile Include="547.FriendCircles.cpp">
      <Filter>Source Files\LeetCode_II</Filter>
    </ClCompile>
    <ClCompile Include="554.BrickWall.cpp">
      <Filter>Source Files\LeetCode_II</Filter>
    </ClCompile>
    <ClCompile Include="556.NextGreaterElementIII.cpp">
      <Filter>Source Files\LeetCode_II</Filter>
    </ClCompile>
    <ClCompile Include="560.SubarraySumEqualsK.cpp">
      <Filter>Source Files\LeetCode_II</Filter>
    </ClCompile>
    <ClCompile Include="565.ArrayNesting.cpp">
      <Filter>Source Files\LeetCode_II</Filter>
    </ClCompile>
    <ClCompile Include="567.PermutationinString.cpp">
      <Filter>Source Files\LeetCode_II</Filter>
    </ClCompile>
    <ClCompile Include="576.OutOfBoundaryPaths.cpp">
      <Filter>Source Files\LeetCode_II</Filter>
    </ClCompile>
    <ClCompile Include="583.DeleteOperationForTwoStrings.cpp">
      <Filter>Source Files\LeetCode_II</Filter>
    </ClCompile>
    <ClCompile Include="592.FractionAdditionandSubtraction.cpp">
      <Filter>Source Files\LeetCode_II</Filter>
    </ClCompile>
    <ClCompile Include="593.ValidSquare.cpp">
      <Filter>Source Files\LeetCode_II</Filter>
    </ClCompile>
    <ClCompile Include="621.TaskScheduler.cpp">
      <Filter>Source Files\LeetCode_II</Filter>
    </ClCompile>
    <ClCompile Include="622.DesignCircularQueue.cpp">
      <Filter>Source Files\LeetCode_II</Filter>
    </ClCompile>
    <ClCompile Include="23.MergeKSortedLists.cpp">
      <Filter>Source Files\SunnyIDTest\AmazonTop</Filter>
    </ClCompile>
    <ClCompile Include="42.TrappingRainWater.cpp">
      <Filter>Source Files\SunnyIDTest\AmazonTop</Filter>
    </ClCompile>
    <ClCompile Include="127.WordLadder.cpp">
      <Filter>Source Files\SunnyIDTest\AmazonTop</Filter>
    </ClCompile>
    <ClCompile Include="2128.RemoveAllOnesWithRowAndColumnFilps.cpp">
      <Filter>Source Files\SunnyIDTest\GoogleTop</Filter>
    </ClCompile>
    <ClCompile Include="2135.CountWorldsObtainedAfterAddingaLetter.cpp">
      <Filter>Source Files\SunnyIDTest\GoogleTop</Filter>
    </ClCompile>
    <ClCompile Include="2083.SubstringsThatBeginandendWithTheSameLetter.cpp">
      <Filter>Source Files\SunnyIDTest\GoogleTop</Filter>
    </ClCompile>
    <ClCompile Include="1554.StringsDifferByOneCharacter.cpp">
      <Filter>Source Files\SunnyIDTest\GoogleTop</Filter>
    </ClCompile>
    <ClCompile Include="1272.RemoveInterval.cpp">
      <Filter>Source Files\SunnyIDTest\GoogleTop</Filter>
    </ClCompile>
    <ClCompile Include="2144.DesignALeaderboard.cpp">
      <Filter>Source Files\SunnyIDTest\GoogleTop</Filter>
    </ClCompile>
    <ClCompile Include="161.OneEditDistance.cpp">
      <Filter>Source Files</Filter>
    </ClCompile>
    <ClCompile Include="581.ShortestUnsortedContinuousSubArray.cpp">
      <Filter>Source Files\SunnyIDTest</Filter>
    </ClCompile>
    <ClCompile Include="323.NumberOfConnectedComponentsInAnUndirectedGraph.cpp">
      <Filter>Source Files\SunnyIDTest</Filter>
    </ClCompile>
    <ClCompile Include="247.StrobogrammaticNumberII.cpp">
      <Filter>Source Files\SunnyIDTest</Filter>
    </ClCompile>
    <ClCompile Include="02.StringManipulation1.cpp">
      <Filter>Source Files\StringTest</Filter>
    </ClCompile>
    <ClCompile Include="01_GM_DecodeNumber.cpp">
      <Filter>Source Files\IV_Practice\HireVue_Sample</Filter>
    </ClCompile>
    <ClCompile Include="91.DecodeWay.cpp">
      <Filter>Source Files\SunnyIDTest</Filter>
    </ClCompile>
    <ClCompile Include="639.DecodeWaysII__.cpp">
      <Filter>Source Files\SunnyIDTest</Filter>
    </ClCompile>
    <ClCompile Include="15.3Sum.cpp">
      <Filter>Source Files\SunnyIDTest</Filter>
    </ClCompile>
    <ClCompile Include="12.permutation.cpp">
      <Filter>Source Files\PrimitiveTest</Filter>
    </ClCompile>
    <ClCompile Include="gm01_1.cpp">
      <Filter>Source Files\IV\220724_GM_SR_System_Engineer</Filter>
    </ClCompile>
    <ClCompile Include="gm_prepare01.cpp">
      <Filter>Source Files\IV\220724_GM_SR_System_Engineer\gm01_1</Filter>
    </ClCompile>
    <ClCompile Include="gm01_2_Verify.cpp">
      <Filter>Source Files\IV\220724_GM_SR_System_Engineer\gm01_1</Filter>
    </ClCompile>
    <ClCompile Include="gm01_1_OtherHirevueQuestions.cpp">
      <Filter>Source Files\IV\220724_GM_SR_System_Engineer</Filter>
    </ClCompile>
    <ClCompile Include="1470.ShuffleTheArray.cpp">
      <Filter>Source Files\SunnyIDTest\Easy</Filter>
    </ClCompile>
    <ClCompile Include="390.EliminationGame.cpp">
      <Filter>Source Files\SunnyIDTest</Filter>
    </ClCompile>
    <ClCompile Include="904.FruitIntoBaskets.cpp">
      <Filter>Source Files\SunnyIDTest</Filter>
    </ClCompile>
    <ClCompile Include="1145.BinaryTreeColoringGame.cpp">
      <Filter>Source Files\SunnyIDTest</Filter>
    </ClCompile>
    <ClCompile Include="1146.SnapshotArray.cpp">
      <Filter>Source Files\SunnyIDTest</Filter>
    </ClCompile>
    <ClCompile Include="1465.MaxAreaofCakeCuts.cpp">
      <Filter>Source Files\SunnyIDTest</Filter>
    </ClCompile>
    <ClCompile Include="1466.ReorderRoutesToMakeAllPath.cpp">
      <Filter>Source Files\SunnyIDTest</Filter>
    </ClCompile>
    <ClCompile Include="1471.KStrongestValuesinArray.cpp">
      <Filter>Source Files\SunnyIDTest</Filter>
    </ClCompile>
    <ClCompile Include="1472.DesignBrowserHistory.cpp">
      <Filter>Source Files\SunnyIDTest</Filter>
    </ClCompile>
    <ClCompile Include="1492.TheKthFactorOfN.cpp">
      <Filter>Source Files\SunnyIDTest</Filter>
    </ClCompile>
    <ClCompile Include="1980.FindUniqueBinaryString.cpp">
      <Filter>Source Files\SunnyIDTest</Filter>
    </ClCompile>
    <ClCompile Include="1981.!_MinDiffBetweenTargetAndChoosenElements.cpp">
      <Filter>Source Files\SunnyIDTest</Filter>
    </ClCompile>
    <ClCompile Include="1094. CarPooling.cpp">
      <Filter>Source Files\SunnyIDTest</Filter>
    </ClCompile>
    <ClCompile Include="286.WallsandGates.cpp">
      <Filter>Source Files\SunnyIDTest</Filter>
    </ClCompile>
    <ClCompile Include="1404.NumStepofReduceToOne.cpp">
      <Filter>Source Files\SunnyIDTest</Filter>
    </ClCompile>
    <ClCompile Include="662.MaxWidthofBinaryTree.cpp">
      <Filter>Source Files\SunnyIDTest</Filter>
    </ClCompile>
    <ClCompile Include="663.EqualTreePartition.cpp">
      <Filter>Source Files\SunnyIDTest</Filter>
    </ClCompile>
    <ClCompile Include="2049.CountNodesWithTheHighestScore.cpp">
      <Filter>Source Files\SunnyIDTest</Filter>
    </ClCompile>
    <ClCompile Include="2069.WalkingRobotSimulationII.cpp">
      <Filter>Source Files\SunnyIDTest</Filter>
    </ClCompile>
    <ClCompile Include="2070.MostBeautifulItemforEachQuery.cpp">
      <Filter>Source Files\SunnyIDTest</Filter>
    </ClCompile>
    <ClCompile Include="2058.FindMinMaxOfCriticalPoint.cpp">
      <Filter>Source Files\SunnyIDTest</Filter>
    </ClCompile>
    <ClCompile Include="967.NumbersWithSameConsecutiveDifference.cpp">
      <Filter>Source Files\SunnyIDTest</Filter>
    </ClCompile>
    <ClCompile Include="969.PancakeSorting.cpp">
      <Filter>Source Files\SunnyIDTest</Filter>
    </ClCompile>
    <ClCompile Include="2217.FindPalindromeWithFixedLength.cpp">
      <Filter>Source Files\SunnyIDTest</Filter>
    </ClCompile>
    <ClCompile Include="2575.FinddivisibilityArrayofAString.cpp">
      <Filter>Source Files\SunnyIDTest</Filter>
    </ClCompile>
    <ClCompile Include="1564.PutBoxesIntoTheWarehouseI.cpp">
      <Filter>Source Files\SunnyIDTest</Filter>
    </ClCompile>
    <ClCompile Include="1583. CoundUnhappyFriends.cpp">
      <Filter>Source Files\SunnyIDTest</Filter>
    </ClCompile>
    <ClCompile Include="1584.MinCostToConnectAllPoints.cpp">
      <Filter>Source Files\SunnyIDTest</Filter>
    </ClCompile>
    <ClCompile Include="1429.FirstUniqueNumber.cpp">
      <Filter>Source Files\SunnyIDTest</Filter>
    </ClCompile>
    <ClCompile Include="1247. MinSwapsToMakeStringsEqual.cpp">
      <Filter>Source Files\SunnyIDTest</Filter>
    </ClCompile>
    <ClCompile Include="1249.MnimumRemoveToMakeValidParentheses.cpp">
      <Filter>Source Files\SunnyIDTest</Filter>
    </ClCompile>
    <ClCompile Include="1428.LeftmostColumnwithatLeastaOne.cpp">
      <Filter>Source Files\SunnyIDTest</Filter>
    </ClCompile>
    <ClCompile Include="2002.MaximumProductoftheLengthofThePalandromic.cpp">
      <Filter>Source Files\SunnyIDTest</Filter>
    </ClCompile>
    <ClCompile Include="2023.NumberofPairsofStringwithConcatenationforTarget.cpp">
      <Filter>Source Files\SunnyIDTest</Filter>
    </ClCompile>
    <ClCompile Include="455.AddTwoNumbersII.cpp">
      <Filter>Source Files\SunnyIDTest</Filter>
    </ClCompile>
    <ClCompile Include="721.AccountsMerge.cpp">
      <Filter>Source Files\SunnyIDTest</Filter>
    </ClCompile>
    <ClCompile Include="722.RemoveComments.cpp">
      <Filter>Source Files\SunnyIDTest</Filter>
    </ClCompile>
    <ClCompile Include="723.CandyCrush.cpp">
      <Filter>Source Files\SunnyIDTest</Filter>
    </ClCompile>
    <ClCompile Include="725.SplitLinkedListinParts.cpp">
      <Filter>Source Files\SunnyIDTest</Filter>
    </ClCompile>
    <ClCompile Include="729.MyCalendarI.cpp">
      <Filter>Source Files\SunnyIDTest</Filter>
    </ClCompile>
    <ClCompile Include="813.LargestSumofAverages.cpp">
      <Filter>Source Files\SunnyIDTest</Filter>
    </ClCompile>
    <ClCompile Include="814.BinaryTreePruning.cpp">
      <Filter>Source Files\SunnyIDTest</Filter>
    </ClCompile>
    <ClCompile Include="816.AmbiguousCoordinates.cpp">
      <Filter>Source Files\SunnyIDTest</Filter>
    </ClCompile>
    <ClCompile Include="817.LinkedListComponents.cpp">
      <Filter>Source Files\SunnyIDTest</Filter>
    </ClCompile>
    <ClCompile Include="707.DesignLinkedList.cpp">
      <Filter>Source Files\SunnyIDTest</Filter>
    </ClCompile>
    <ClCompile Include="820.ShortEncodingofWords.cpp">
      <Filter>Source Files\SunnyIDTest</Filter>
    </ClCompile>
    <ClCompile Include="822.CardFlippingGame.cpp">
      <Filter>Source Files\SunnyIDTest</Filter>
    </ClCompile>
    <ClCompile Include="823.BinaryTreeWithFactors.cpp">
      <Filter>Source Files\SunnyIDTest</Filter>
    </ClCompile>
    <ClCompile Include="708.InsertIntoaSortedCircularLinkedList.cpp">
      <Filter>Source Files\SunnyIDTest</Filter>
    </ClCompile>
    <ClCompile Include="825. FriendsOfAppropriateAges.cpp">
      <Filter>Source Files\SunnyIDTest</Filter>
    </ClCompile>
    <ClCompile Include="826.MostProfitAssigningWork.cpp">
      <Filter>Source Files\SunnyIDTest</Filter>
    </ClCompile>
    <ClCompile Include="2596.CheckKnightTourConfiguration.cpp">
      <Filter>Source Files\SunnyIDTest</Filter>
    </ClCompile>
    <ClCompile Include="2592.MaximizeGreatnessofanArray.cpp">
      <Filter>Source Files\SunnyIDTest</Filter>
    </ClCompile>
    <ClCompile Include="795.NumberOfSubarrayswithBoundedMaximum.cpp">
      <Filter>Source Files\SunnyIDTest</Filter>
    </ClCompile>
    <ClCompile Include="795.RE_NumberOfSubarrayswithBoundedManimumII.cpp">
      <Filter>Source Files\SunnyIDTest</Filter>
    </ClCompile>
    <ClCompile Include="797.AllPathsFromSourcetoTarget.cpp">
      <Filter>Source Files\SunnyIDTest</Filter>
    </ClCompile>
    <ClCompile Include="799.ChampagneTower.cpp">
      <Filter>Source Files\SunnyIDTest</Filter>
    </ClCompile>
    <ClCompile Include="702.SearchinaSortedArrayofUnknownSize.cpp">
      <Filter>Source Files\SunnyIDTest</Filter>
    </ClCompile>
    <ClCompile Include="1024.VideoStitching.cpp">
      <Filter>Source Files\SunnyIDTest</Filter>
    </ClCompile>
    <ClCompile Include="1151.MinimumSwapstoGroupAll1sTogether.cpp">
      <Filter>Source Files\SunnyIDTest</Filter>
    </ClCompile>
    <ClCompile Include="299.BullsandCows.cpp">
      <Filter>Source Files\SunnyIDTest</Filter>
    </ClCompile>
    <ClCompile Include="306.AdditiveNumber.cpp">
      <Filter>Source Files\SunnyIDTest</Filter>
    </ClCompile>
    <ClCompile Include="222.NumberofWaystoSelectBuildings.cpp">
      <Filter>Source Files\SunnyIDTest</Filter>
    </ClCompile>
    <ClCompile Include="2545. SorttheStudentsbyTheirKthScore.cpp">
      <Filter>Source Files\SunnyIDTest</Filter>
    </ClCompile>
    <ClCompile Include="2316.CountUnreachablePairsofNodesinanUndirectedGraph.cpp">
      <Filter>Source Files\SunnyIDTest</Filter>
    </ClCompile>
    <ClCompile Include="794.ValidTicTacToeState.cpp">
      <Filter>Source Files\SunnyIDTest</Filter>
    </ClCompile>
    <ClCompile Include="1353.MaximumNumberofEventsThatCanBeAttended.cpp">
      <Filter>Source Files\SunnyIDTest</Filter>
    </ClCompile>
    <ClCompile Include="1061.LexicographicallySmallestEquivalentString.cpp">
      <Filter>Source Files\SunnyIDTest</Filter>
    </ClCompile>
    <ClCompile Include="1257.SmallestCommonRegion.cpp">
      <Filter>Source Files\SunnyIDTest</Filter>
    </ClCompile>
    <ClCompile Include="1618.MaximumFonttoFitaSentenceinaScreen.cpp">
      <Filter>Source Files\SunnyIDTest</Filter>
    </ClCompile>
    <ClCompile Include="255.VerifyPreorderSequenceinBinarySearch.cpp">
      <Filter>Source Files\SunnyIDTest</Filter>
    </ClCompile>
    <ClCompile Include="2171.RemovingMinimumNumberofMagicBeans.cpp">
      <Filter>Source Files\SunnyIDTest</Filter>
    </ClCompile>
    <ClCompile Include="2546.ApplyBitwiseOperationstoMakeStringsEqual.cpp">
      <Filter>Source Files\SunnyIDTest</Filter>
    </ClCompile>
    <ClCompile Include="1562.FindLatestGroupofSizeM.cpp">
      <Filter>Source Files\SunnyIDTest</Filter>
    </ClCompile>
    <ClCompile Include="1989.MaximumNumberofPeopleThatCanBeCaughtinTag.cpp">
      <Filter>Source Files\SunnyIDTest</Filter>
    </ClCompile>
    <ClCompile Include="1477. _FindTwoNonoverlappingSubarraysEachWithTargetSum.cpp">
      <Filter>Source Files\SunnyIDTest</Filter>
    </ClCompile>
    <ClCompile Include="447._NumberofBoomerangs.cpp">
      <Filter>Source Files\SunnyIDTest</Filter>
    </ClCompile>
    <ClCompile Include="153.FindMinimuminRotatedSortedArray.cpp">
      <Filter>Source Files\SunnyIDTest</Filter>
    </ClCompile>
    <ClCompile Include="2087.MinimumCostHomecomingofaRobotinGrid.cpp">
      <Filter>Source Files\SunnyIDTest</Filter>
    </ClCompile>
    <ClCompile Include="39.CombinationSum.cpp">
      <Filter>Source Files\SunnyIDTest</Filter>
    </ClCompile>
    <ClCompile Include="531.LonelyPixel_I.cpp">
      <Filter>Source Files\SunnyIDTest</Filter>
    </ClCompile>
    <ClCompile Include="2516.TakeKofEachCharacterFromLeftandRight.cpp">
      <Filter>Source Files\SunnyIDTest</Filter>
    </ClCompile>
    <ClCompile Include="12.IntegertoRoman.cpp">
      <Filter>Source Files\SunnyIDTest</Filter>
    </ClCompile>
    <ClCompile Include="1457.PseudoPalandromicPathsinaBinaryTree.cpp">
      <Filter>Source Files\SunnyIDTest</Filter>
    </ClCompile>
    <ClCompile Include="79.WordSearch.cpp">
      <Filter>Source Files\SunnyIDTest</Filter>
    </ClCompile>
    <ClCompile Include="2391.MinimumAmountofTimetoCollectGarbage.cpp">
      <Filter>Source Files\SunnyIDTest</Filter>
    </ClCompile>
    <ClCompile Include="2502.DesignMemoryAllocator.cpp">
      <Filter>Source Files\SunnyIDTest</Filter>
    </ClCompile>
    <ClCompile Include="189.RotateArray.cpp">
      <Filter>Source Files\SunnyIDTest</Filter>
    </ClCompile>
    <ClCompile Include="274.H-Index.cpp">
      <Filter>Source Files\SunnyIDTest</Filter>
    </ClCompile>
    <ClCompile Include="1461.CheckIfaStringContainsAllBinaryCodesofSizeK.cpp">
      <Filter>Source Files\SunnyIDTest</Filter>
    </ClCompile>
    <ClCompile Include="1462.CourseScheduleIV.cpp">
      <Filter>Source Files\SunnyIDTest</Filter>
    </ClCompile>
    <ClCompile Include="1871.JumpGameVII.cpp">
      <Filter>Source Files\SunnyIDTest</Filter>
    </ClCompile>
    <ClCompile Include="298.BinaryTreeLongestConsecutiveSequence.cpp">
      <Filter>Source Files</Filter>
    </ClCompile>
    <ClCompile Include="369.PlusOneLinkedList.cpp">
      <Filter>Source Files</Filter>
    </ClCompile>
    <ClCompile Include="187.RepeatedDNASequences.cpp">
      <Filter>Source Files\SunnyIDTest</Filter>
    </ClCompile>
    <ClCompile Include="2410.MaximumMatchingofPlayerWithTrainers.cpp">
      <Filter>Source Files\SunnyIDTest</Filter>
    </ClCompile>
    <ClCompile Include="1877.MinimizeMaximumPairSuminArray.cpp">
      <Filter>Source Files\SunnyIDTest</Filter>
    </ClCompile>
    <ClCompile Include="1481.LeastNumberofUniqueIntegerafterKRemovals.cpp">
      <Filter>Source Files\SunnyIDTest</Filter>
    </ClCompile>
    <ClCompile Include="2024.MaximizetheConfusionofanExam.cpp">
      <Filter>Source Files</Filter>
    </ClCompile>
    <ClCompile Include="1490.CloneN-aryTree.cpp">
      <Filter>Source Files\SunnyIDTest</Filter>
    </ClCompile>
    <ClCompile Include="2120.ExecutionofAllSuffixInstructionsStayinginaGrid.cpp">
      <Filter>Source Files\SunnyIDTest</Filter>
    </ClCompile>
    <ClCompile Include="2140.SolvingQuestionsWithBrainPower.cpp">
      <Filter>Source Files\SunnyIDTest</Filter>
    </ClCompile>
    <ClCompile Include="1329.SorttheMatrixDiagonally.cpp">
      <Filter>Source Files\SunnyIDTest</Filter>
    </ClCompile>
    <ClCompile Include="1456.MaximumNumberofVowelsinaSubstringofGivenLength.cpp">
      <Filter>Source Files\SunnyIDTest</Filter>
    </ClCompile>
    <ClCompile Include="1161.MaximumLevelSumofaBinaryTree.cpp">
      <Filter>Source Files\SunnyIDTest</Filter>
    </ClCompile>
    <ClCompile Include="1162.AsFarfromLandasPossible.cpp">
      <Filter>Source Files\SunnyIDTest</Filter>
    </ClCompile>
    <ClCompile Include="48.RotageImage2.cpp">
      <Filter>Source Files\SunnyIDTest</Filter>
    </ClCompile>
    <ClCompile Include="22.GenerateParentheses.cpp">
      <Filter>Source Files\SunnyIDTest</Filter>
    </ClCompile>
    <ClCompile Include="2707.ExtraCharactersinaString.cpp">
      <Filter>Source Files\SunnyIDTest</Filter>
    </ClCompile>
    <ClCompile Include="875.KokoEatingBananas.cpp">
      <Filter>Source Files\SunnyIDTest</Filter>
    </ClCompile>
    <ClCompile Include="1109.CorporateFlightBookings.cpp">
      <Filter>Source Files\SunnyIDTest</Filter>
    </ClCompile>
    <ClCompile Include="1352.ProductoftheLastKNumbers.cpp">
      <Filter>Source Files\SunnyIDTest</Filter>
    </ClCompile>
    <ClCompile Include="788.RotatedDigits.cpp">
      <Filter>Source Files\SunnyIDTest</Filter>
    </ClCompile>
    <ClCompile Include="2527.FindXorBeautyofArray.cpp">
      <Filter>Source Files\SunnyIDTest</Filter>
    </ClCompile>
    <ClCompile Include="890.FindandReplacePattern.cpp">
      <Filter>Source Files\SunnyIDTest</Filter>
    </ClCompile>
    <ClCompile Include="1375.NumberofTimesBinaryStringIsPrefixAligned.cpp">
      <Filter>Source Files\SunnyIDTest</Filter>
    </ClCompile>
    <ClCompile Include="1430.CheckIfaStringisValidInTree.cpp">
      <Filter>Source Files\SunnyIDTest</Filter>
    </ClCompile>
    <ClCompile Include="2320.CountNumberofWaystoPlaceHouses.cpp">
      <Filter>Source Files\SunnyIDTest</Filter>
    </ClCompile>
    <ClCompile Include="1744.CanYouEatYourFavoriteCandyonYourFavoriteDay.cpp">
      <Filter>Source Files\SunnyIDTest</Filter>
    </ClCompile>
    <ClCompile Include="1650.LowestCommonAncestorofaBinaryTreeIII.cpp">
      <Filter>Source Files\SunnyIDTest</Filter>
    </ClCompile>
    <ClCompile Include="950.RevealCardsInIncreasingOrder.cpp">
      <Filter>Source Files\SunnyIDTest</Filter>
    </ClCompile>
    <ClCompile Include="2664.TheKnightsTour.cpp">
      <Filter>Source Files\SunnyIDTest</Filter>
    </ClCompile>
    <ClCompile Include="2161.PartitionArrayAccordingtoGivenPivot.cpp">
      <Filter>Source Files\SunnyIDTest</Filter>
    </ClCompile>
    <ClCompile Include="2522.PartitionStringIntoSubstringsWithValuesatMostK.cpp">
      <Filter>Source Files\SunnyIDTest</Filter>
    </ClCompile>
    <ClCompile Include="549.BinaryTreeLongestConsecutiveSequenceII.cpp">
      <Filter>Source Files\SunnyIDTest</Filter>
    </ClCompile>
    <ClCompile Include="2285.MaximumTotalImportanceofRoads.cpp">
      <Filter>Source Files\SunnyIDTest</Filter>
    </ClCompile>
    <ClCompile Include="1781.SumofBeautyofAllSubstrings.cpp">
      <Filter>Source Files\SunnyIDTest</Filter>
    </ClCompile>
    <ClCompile Include="1894.FindtheStudentthatWillReplacetheChalk.cpp">
      <Filter>Source Files\SunnyIDTest</Filter>
    </ClCompile>
    <ClCompile Include="2773.HeightofSepcialBinaryTree.cpp">
      <Filter>Source Files\SunnyIDTest</Filter>
    </ClCompile>
    <ClCompile Include="2772.Apply OperationstoMakeAllArrayElementsEqualtoZero.cpp">
      <Filter>Source Files\SunnyIDTest</Filter>
    </ClCompile>
    <ClCompile Include="2770.MaximumNumberofJumpstoReachtheLastIndex.cpp">
      <Filter>Source Files\SunnyIDTest</Filter>
    </ClCompile>
    <ClCompile Include="2768.NumberofBlackBlocks.cpp">
      <Filter>Source Files\SunnyIDTest</Filter>
    </ClCompile>
    <ClCompile Include="2766.RelocateMarbles.cpp">
      <Filter>Source Files\SunnyIDTest</Filter>
    </ClCompile>
    <ClCompile Include="2764.isArrayaPreorderofSomeBinaryTree.cpp">
      <Filter>Source Files\SunnyIDTest</Filter>
    </ClCompile>
    <ClCompile Include="2761.PrimePairsWithTargetSum.cpp">
      <Filter>Source Files\SunnyIDTest</Filter>
    </ClCompile>
    <ClCompile Include="2749.MinimumOperationstoMaketheIntegerZero.cpp">
      <Filter>Source Files\SunnyIDTest</Filter>
    </ClCompile>
    <ClCompile Include="2746.DecrementalStringConcatenation.cpp">
      <Filter>Source Files\SunnyIDTest</Filter>
    </ClCompile>
    <ClCompile Include="2745.ConstructtheLongestNewString.cpp">
      <Filter>Source Files\SunnyIDTest</Filter>
    </ClCompile>
    <ClCompile Include="2743.CountSubstringsWithoutRepeatingCharacter.cpp">
      <Filter>Source Files\SunnyIDTest</Filter>
    </ClCompile>
    <ClCompile Include="2740.FindtheValueofthePartition.cpp">
      <Filter>Source Files\SunnyIDTest</Filter>
    </ClCompile>
    <ClCompile Include="2737.FindtheClosestMarkedNode.cpp">
      <Filter>Source Files\SunnyIDTest</Filter>
    </ClCompile>
    <ClCompile Include="2735.CollectingChocolates.cpp">
      <Filter>Source Files</Filter>
    </ClCompile>
    <ClCompile Include="2734.LixicographicallySmallestStringAfterSubstring.cpp">
      <Filter>Source Files\SunnyIDTest</Filter>
    </ClCompile>
    <ClCompile Include="2731.MovementofRobots.cpp">
      <Filter>Source Files\SunnyIDTest</Filter>
    </ClCompile>
    <ClCompile Include="2730.FindtheLongestSemiRepetitiveSubstring.cpp">
      <Filter>Source Files\SunnyIDTest</Filter>
    </ClCompile>
    <ClCompile Include="2718.SumofMatrixAfterQueries.cpp">
      <Filter>Source Files\SunnyIDTest</Filter>
    </ClCompile>
    <ClCompile Include="2712.MinimumCosttoMakeAllCharactersEqual.cpp">
      <Filter>Source Files\SunnyIDTest</Filter>
    </ClCompile>
    <ClCompile Include="2610.ConvertanArrayIntoa2DArrayWithConditions.cpp">
      <Filter>Source Files\SunnyIDTest</Filter>
    </ClCompile>
    <ClCompile Include="2607.MakeKSubarraySumsEqual.cpp">
      <Filter>Source Files\SunnyIDTest</Filter>
    </ClCompile>
    <ClCompile Include="2599.MakethePrefixSumNonnegative.cpp">
      <Filter>Source Files\SunnyIDTest</Filter>
    </ClCompile>
    <ClCompile Include="2487.RemoveNodesFromLinkedList.cpp">
      <Filter>Source Files\SunnyIDTest</Filter>
    </ClCompile>
    <ClCompile Include="2486.AppendCharacterstoStringtoMakeSubsequence.cpp">
      <Filter>Source Files\SunnyIDTest</Filter>
    </ClCompile>
    <ClCompile Include="2483.MinimumPenaltyforaShop.cpp">
      <Filter>Source Files\SunnyIDTest</Filter>
    </ClCompile>
    <ClCompile Include="2482.DifferenceBetweenOnesandZerosinRowandColmn.cpp">
      <Filter>Source Files\SunnyIDTest</Filter>
    </ClCompile>
    <ClCompile Include="2477.MinimumFuelCosttoReporttotheCapital.cpp">
      <Filter>Source Files\SunnyIDTest</Filter>
    </ClCompile>
    <ClCompile Include="2473.MinimumCosttoBuyApples.cpp">
      <Filter>Source Files\SunnyIDTest</Filter>
    </ClCompile>
    <ClCompile Include="2471.MinimumNumberofOperationstoSortaBinaryTreebyLevel.cpp">
      <Filter>Source Files\SunnyIDTest</Filter>
    </ClCompile>
    <ClCompile Include="2466.CountWaysToBuildGoodStrings.cpp">
      <Filter>Source Files\SunnyIDTest</Filter>
    </ClCompile>
    <ClCompile Include="2462.TotalCosttoHireKworkers.cpp">
      <Filter>Source Files\SunnyIDTest</Filter>
    </ClCompile>
    <ClCompile Include="2461.MaximumSumofDistinctSubarraysWithLengthK.cpp">
      <Filter>Source Files\SunnyIDTest</Filter>
    </ClCompile>
    <ClCompile Include="2457.MinimumAdditiontoMakeIntegerBeautiful.cpp">
      <Filter>Source Files\SunnyIDTest</Filter>
    </ClCompile>
    <ClCompile Include="2456.MostPopularVideoCreator.cpp">
      <Filter>Source Files\SunnyIDTest</Filter>
    </ClCompile>
    <ClCompile Include="2453.DestroySequentialTargets.cpp">
      <Filter>Source Files\SunnyIDTest</Filter>
    </ClCompile>
    <ClCompile Include="2452.WordsWithinTwoEditsofDictionary.cpp">
      <Filter>Source Files\SunnyIDTest</Filter>
    </ClCompile>
    <ClCompile Include="2450.NumberofDistantBinaryStringsAfterApplyingOperations.cpp">
      <Filter>Source Files\SunnyIDTest</Filter>
    </ClCompile>
    <ClCompile Include="2445.NumberofNodesWithValueOne.cpp">
      <Filter>Source Files\SunnyIDTest</Filter>
    </ClCompile>
    <ClCompile Include="2443.SumofNumberandItsReverse.cpp">
      <Filter>Source Files\SunnyIDTest</Filter>
    </ClCompile>
    <ClCompile Include="2442.CountNumberofDistinctIntegerAfterReverseOperations.cpp">
      <Filter>Source Files\SunnyIDTest</Filter>
    </ClCompile>
    <ClCompile Include="2439.MinimizeMaximumofArray.cpp">
      <Filter>Source Files\SunnyIDTest</Filter>
    </ClCompile>
  </ItemGroup>
  <ItemGroup>
    <None Include="12.IntegertoRoman1.cpp">
      <Filter>Source Files\LeetCode</Filter>
    </None>
    <None Include="343.IntegerBreakcpp">
      <Filter>Source Files\LeetCode</Filter>
    </None>
    <None Include="623.AddOneRowToTree.cpp">
      <Filter>Source Files\LeetCode_II</Filter>
    </None>
  </ItemGroup>
  <ItemGroup>
    <Library Include="277.BasicCalculatorII.cpp">
      <Filter>Source Files\LeetCode</Filter>
    </Library>
  </ItemGroup>
</Project>