<?xml version="1.0" encoding="utf-8"?>
<Project ToolsVersion="4.0" xmlns="http://schemas.microsoft.com/developer/msbuild/2003">
  <ItemGroup>
    <Filter Include="Source Files">
      <UniqueIdentifier>{4FC737F1-C7A5-4376-A066-2A32D752A2FF}</UniqueIdentifier>
      <Extensions>cpp;c;cc;cxx;def;odl;idl;hpj;bat;asm;asmx</Extensions>
    </Filter>
    <Filter Include="Header Files">
      <UniqueIdentifier>{93995380-89BD-4b04-88EB-625FBE52EBFB}</UniqueIdentifier>
      <Extensions>h;hh;hpp;hxx;hm;inl;inc;ipp;xsd</Extensions>
    </Filter>
    <Filter Include="Resource Files">
      <UniqueIdentifier>{67DA6AB6-F800-4c08-8B7A-83BB121AAD01}</UniqueIdentifier>
      <Extensions>rc;ico;cur;bmp;dlg;rc2;rct;bin;rgs;gif;jpg;jpeg;jpe;resx;tiff;tif;png;wav;mfcribbon-ms</Extensions>
    </Filter>
  </ItemGroup>
  <ItemGroup>
    <ClCompile Include="StringTest1.cpp">
      <Filter>Source Files</Filter>
    </ClCompile>
    <ClCompile Include="vector1.cpp">
      <Filter>Source Files</Filter>
    </ClCompile>
    <ClCompile Include="helloworld.cpp">
      <Filter>Source Files</Filter>
    </ClCompile>
    <ClCompile Include="NullptrTest1.cpp">
      <Filter>Source Files</Filter>
    </ClCompile>
    <ClCompile Include="100.RefTest.cpp">
      <Filter>Source Files</Filter>
    </ClCompile>
    <ClCompile Include="101.RValueRef1.cpp">
      <Filter>Source Files</Filter>
    </ClCompile>
    <ClCompile Include="102.MoveSemantics.cpp">
      <Filter>Source Files</Filter>
    </ClCompile>
    <ClCompile Include="103.ExplicitConversion.cpp">
      <Filter>Source Files</Filter>
    </ClCompile>
    <ClCompile Include="105.ioStream2.cpp">
      <Filter>Source Files</Filter>
    </ClCompile>
    <ClCompile Include="104.ios_error.cpp">
      <Filter>Source Files</Filter>
    </ClCompile>
    <ClCompile Include="106.Vector01.cpp">
      <Filter>Source Files</Filter>
    </ClCompile>
    <ClCompile Include="107.Vector02_RoundRobin.cpp">
      <Filter>Source Files</Filter>
    </ClCompile>
    <ClCompile Include="108.ListSplice1.cpp">
      <Filter>Source Files</Filter>
    </ClCompile>
    <ClCompile Include="109.array1.cpp">
      <Filter>Source Files</Filter>
    </ClCompile>
    <ClCompile Include="110.PacketBuffer1.cpp">
      <Filter>Source Files</Filter>
    </ClCompile>
    <ClCompile Include="111.ErrorCorrector1.cpp">
      <Filter>Source Files</Filter>
    </ClCompile>
    <ClCompile Include="112.Map_BankAccount.cpp">
      <Filter>Source Files</Filter>
    </ClCompile>
    <ClCompile Include="113.MultiMap_BuddyList.cpp">
      <Filter>Source Files</Filter>
    </ClCompile>
    <ClCompile Include="114.Set_AccessList.cpp">
      <Filter>Source Files</Filter>
    </ClCompile>
    <ClCompile Include="115.unordered_map.cpp">
      <Filter>Source Files</Filter>
    </ClCompile>
    <ClCompile Include="116.bitset.cpp">
      <Filter>Source Files</Filter>
    </ClCompile>
    <ClCompile Include="117_bitSetCableCompany.cpp">
      <Filter>Source Files</Filter>
    </ClCompile>
    <ClCompile Include="118.Accumulate1.cpp">
      <Filter>Source Files</Filter>
    </ClCompile>
    <ClCompile Include="119.LambdaExpression1.cpp">
      <Filter>Source Files</Filter>
    </ClCompile>
    <ClCompile Include="120.PriorityQueue1.cpp">
      <Filter>Source Files</Filter>
    </ClCompile>
    <ClCompile Include="121.ContainerAlgorithm.cpp">
      <Filter>Source Files</Filter>
    </ClCompile>
  </ItemGroup>
  <ItemGroup>
    <ClInclude Include="107.Vector02_RoundRobin.h">
      <Filter>Source Files</Filter>
    </ClInclude>
  </ItemGroup>
</Project>