<?xml version="1.0" encoding="utf-8"?>
<Project ToolsVersion="4.0" xmlns="http://schemas.microsoft.com/developer/msbuild/2003">
  <ItemGroup>
    <Filter Include="Source Files">
      <UniqueIdentifier>{4FC737F1-C7A5-4376-A066-2A32D752A2FF}</UniqueIdentifier>
      <Extensions>cpp;c;cc;cxx;c++;cppm;ixx;def;odl;idl;hpj;bat;asm;asmx</Extensions>
    </Filter>
    <Filter Include="Header Files">
      <UniqueIdentifier>{93995380-89BD-4b04-88EB-625FBE52EBFB}</UniqueIdentifier>
      <Extensions>h;hh;hpp;hxx;h++;hm;inl;inc;ipp;xsd</Extensions>
    </Filter>
    <Filter Include="Resource Files">
      <UniqueIdentifier>{67DA6AB6-F800-4c08-8B7A-83BB121AAD01}</UniqueIdentifier>
      <Extensions>rc;ico;cur;bmp;dlg;rc2;rct;bin;rgs;gif;jpg;jpeg;jpe;resx;tiff;tif;png;wav;mfcribbon-ms</Extensions>
    </Filter>
    <Filter Include="Source Files\Medium">
      <UniqueIdentifier>{018ffe1b-d101-4762-a20d-c1aa31a87d13}</UniqueIdentifier>
    </Filter>
  </ItemGroup>
  <ItemGroup>
    <ClCompile Include="test.cpp">
      <Filter>Source Files\Medium</Filter>
    </ClCompile>
    <ClCompile Include="735.AsteroidCollision.cpp">
      <Filter>Source Files\Medium</Filter>
    </ClCompile>
    <ClCompile Include="2583.KthLargestSuminaBinaryTree.cpp">
      <Filter>Source Files\Medium</Filter>
    </ClCompile>
    <ClCompile Include="2087.MinimumCostHomecomingofaRobotinaGrid.cpp">
      <Filter>Source Files\Medium</Filter>
    </ClCompile>
    <ClCompile Include="1877.MinimizeMaximumPairSuminArray.cpp">
      <Filter>Source Files\Medium</Filter>
    </ClCompile>
    <ClCompile Include="2336.SamllestNumberinInfiniteSet.cpp">
      <Filter>Source Files\Medium</Filter>
    </ClCompile>
    <ClCompile Include="2747.CountZeroRequestServers.cpp">
      <Filter>Source Files\Medium</Filter>
    </ClCompile>
    <ClCompile Include="2033.MinimumOperationstoMakeaUniValueGrid.cpp">
      <Filter>Source Files\Medium</Filter>
    </ClCompile>
    <ClCompile Include="394.DecodeString.cpp">
      <Filter>Source Files\Medium</Filter>
    </ClCompile>
    <ClCompile Include="2192.AllAncestersofaNodeinaDirectedAcyclicGraph.cpp">
      <Filter>Source Files\Medium</Filter>
    </ClCompile>
    <ClCompile Include="3091.ApplyOperationstoMakeSumofArrayGreaterThanorEqualtoK.cpp">
      <Filter>Source Files\Medium</Filter>
    </ClCompile>
    <ClCompile Include="930.BinarySubarraysWithSum.cpp">
      <Filter>Source Files\Medium</Filter>
    </ClCompile>
    <ClCompile Include="3531.CountCoveredBuildings.cpp">
      <Filter>Source Files\Medium</Filter>
    </ClCompile>
    <ClCompile Include="1557.MinimumNumberofVerticestoReachAllNodes.cpp">
      <Filter>Source Files\Medium</Filter>
    </ClCompile>
    <ClCompile Include="3665.TwistedMirrorPathCount.cpp">
      <Filter>Source Files\Medium</Filter>
    </ClCompile>
    <ClCompile Include="2353.DesignaFoodRatingSystem.cpp">
      <Filter>Source Files\Medium</Filter>
    </ClCompile>
    <ClCompile Include="3012.MinimizeLengthofArrayUsingOperations.cpp">
      <Filter>Source Files\Medium</Filter>
    </ClCompile>
    <ClCompile Include="2708.MaximumStrengthofaGroup.cpp">
      <Filter>Source Files\Medium</Filter>
    </ClCompile>
    <ClCompile Include="2148.CountNumberofNiceSubarrays.cpp">
      <Filter>Source Files\Medium</Filter>
    </ClCompile>
    <ClCompile Include="1447.SimplifiedFractions.cpp">
      <Filter>Source Files\Medium</Filter>
    </ClCompile>
    <ClCompile Include="802.FindEventualSafeStates.cpp">
      <Filter>Source Files\Medium</Filter>
    </ClCompile>
  </ItemGroup>
</Project>