<?xml version="1.0" encoding="utf-8"?>
<Project ToolsVersion="4.0" xmlns="http://schemas.microsoft.com/developer/msbuild/2003">
  <ItemGroup>
    <Filter Include="Source Files">
      <UniqueIdentifier>{4FC737F1-C7A5-4376-A066-2A32D752A2FF}</UniqueIdentifier>
      <Extensions>cpp;c;cc;cxx;c++;cppm;ixx;def;odl;idl;hpj;bat;asm;asmx</Extensions>
    </Filter>
    <Filter Include="Header Files">
      <UniqueIdentifier>{93995380-89BD-4b04-88EB-625FBE52EBFB}</UniqueIdentifier>
      <Extensions>h;hh;hpp;hxx;h++;hm;inl;inc;ipp;xsd</Extensions>
    </Filter>
    <Filter Include="Resource Files">
      <UniqueIdentifier>{67DA6AB6-F800-4c08-8B7A-83BB121AAD01}</UniqueIdentifier>
      <Extensions>rc;ico;cur;bmp;dlg;rc2;rct;bin;rgs;gif;jpg;jpeg;jpe;resx;tiff;tif;png;wav;mfcribbon-ms</Extensions>
    </Filter>
    <Filter Include="Source Files\Hard">
      <UniqueIdentifier>{14520bc8-d295-4041-a9c0-1c451baaa830}</UniqueIdentifier>
    </Filter>
    <Filter Include="Source Files\Medium">
      <UniqueIdentifier>{3942deb6-f280-4ea0-95b9-da3d7754dd64}</UniqueIdentifier>
    </Filter>
  </ItemGroup>
  <ItemGroup>
    <ClCompile Include="test..cpp">
      <Filter>Source Files\Medium</Filter>
    </ClCompile>
    <ClCompile Include="1144.DecreaseElementsToMakeArrayZigzag.cpp">
      <Filter>Source Files\Medium</Filter>
    </ClCompile>
    <ClCompile Include="139.WordBreak.cpp">
      <Filter>Source Files\Medium</Filter>
    </ClCompile>
    <ClCompile Include="1300.SumofMutatedArrayclosesttoTarget.cpp">
      <Filter>Source Files\Medium</Filter>
    </ClCompile>
    <ClCompile Include="1054.DistantBarcodes.cpp">
      <Filter>Source Files\Medium</Filter>
    </ClCompile>
    <ClCompile Include="1208.GetEqualSubstringsWithinBudget.cpp">
      <Filter>Source Files\Medium</Filter>
    </ClCompile>
    <ClCompile Include="1786.NumberofRestrictedPathsFromFirsttoLastNode.cpp">
      <Filter>Source Files\Medium</Filter>
    </ClCompile>
    <ClCompile Include="2563.CounttheNumberOfFairPairs.cpp">
      <Filter>Source Files\Medium</Filter>
    </ClCompile>
    <ClCompile Include="454.4SumII.cpp">
      <Filter>Source Files\Medium</Filter>
    </ClCompile>
    <ClCompile Include="416.PartitionEqualSubsetSum.cpp">
      <Filter>Source Files\Medium</Filter>
    </ClCompile>
    <ClCompile Include="1738.FindKthLargestXORCoordinateValue.cpp">
      <Filter>Source Files\Medium</Filter>
    </ClCompile>
    <ClCompile Include="1673.FindtheMostCompetitiveSubsequence.cpp">
      <Filter>Source Files\Medium</Filter>
    </ClCompile>
    <ClCompile Include="1366.RankTeamsbyVotes.cpp">
      <Filter>Source Files\Medium</Filter>
    </ClCompile>
    <ClCompile Include="1233.RemoveSubFoldersfromtheFilesystem.cpp">
      <Filter>Source Files\Medium</Filter>
    </ClCompile>
    <ClCompile Include="1238.CircularPermuationinBinaryRepresentation.cpp">
      <Filter>Source Files\Medium</Filter>
    </ClCompile>
    <ClCompile Include="1130.MinimumCostTreeFromLeafValues.cpp">
      <Filter>Source Files\Medium</Filter>
    </ClCompile>
    <ClCompile Include="2684.MaximumNumberofMovesinaGrid.cpp">
      <Filter>Source Files\Medium</Filter>
    </ClCompile>
    <ClCompile Include="2579.CountTotalNumberofColoredCells.cpp">
      <Filter>Source Files\Medium</Filter>
    </ClCompile>
    <ClCompile Include="2485.Findthe PivotInteger.cpp">
      <Filter>Source Files\Medium</Filter>
    </ClCompile>
    <ClCompile Include="1239.MaximumLengthofaConcatenatedStringwithUniqueCharacters.cpp">
      <Filter>Source Files\Medium</Filter>
    </ClCompile>
    <ClCompile Include="1352.ProductofteLastKNumbers.cpp">
      <Filter>Source Files\Medium</Filter>
    </ClCompile>
    <ClCompile Include="1476.SubrectangleQueries.cpp">
      <Filter>Source Files\Medium</Filter>
    </ClCompile>
    <ClCompile Include="1583.CountUnhappyFriends.cpp">
      <Filter>Source Files\Medium</Filter>
    </ClCompile>
    <ClCompile Include="1519.NumberofNodesintheSubTreeWiththeSameLabel.cpp">
      <Filter>Source Files\Medium</Filter>
    </ClCompile>
    <ClCompile Include="1509.MinimumDifferenceBetweenLargestandSmallestValueinThreeMoves.cpp">
      <Filter>Source Files\Medium</Filter>
    </ClCompile>
    <ClCompile Include="1529.MinimumSuffixFlips.cpp">
      <Filter>Source Files\Medium</Filter>
    </ClCompile>
    <ClCompile Include="1487.MakingFileNamesUnique.cpp">
      <Filter>Source Files\Medium</Filter>
    </ClCompile>
    <ClCompile Include="1525.NumberofGoodWaystoSplitaString.cpp">
      <Filter>Source Files\Medium</Filter>
    </ClCompile>
    <ClCompile Include="866.PrimePalindrome.cpp">
      <Filter>Source Files\Medium</Filter>
    </ClCompile>
    <ClCompile Include="789.EscapeTheGhosts.cpp">
      <Filter>Source Files\Medium</Filter>
    </ClCompile>
    <ClCompile Include="838.PushDominoes.cpp">
      <Filter>Source Files\Medium</Filter>
    </ClCompile>
    <ClCompile Include="795.NumberofSubarrayWithBoundedMaximum.cpp">
      <Filter>Source Files\Medium</Filter>
    </ClCompile>
    <ClCompile Include="721.AccountsMerge.cpp">
      <Filter>Source Files\Medium</Filter>
    </ClCompile>
    <ClCompile Include="788.RotateDigits.cpp">
      <Filter>Source Files\Medium</Filter>
    </ClCompile>
    <ClCompile Include="826.MostProfitAssigningWork.cpp">
      <Filter>Source Files\Medium</Filter>
    </ClCompile>
    <ClCompile Include="752.OpentheLock.cpp">
      <Filter>Source Files\Medium</Filter>
    </ClCompile>
    <ClCompile Include="690.EmployeeImportance.cpp">
      <Filter>Source Files\Medium</Filter>
    </ClCompile>
    <ClCompile Include="678.ValidParenthesisString.cpp">
      <Filter>Source Files\Medium</Filter>
    </ClCompile>
    <ClCompile Include="720.LongestWordInDictionary.cpp">
      <Filter>Source Files\Medium</Filter>
    </ClCompile>
    <ClCompile Include="677.MapSumPairs.cpp">
      <Filter>Source Files\Medium</Filter>
    </ClCompile>
    <ClCompile Include="640.SolvetheEquation.cpp">
      <Filter>Source Files\Medium</Filter>
    </ClCompile>
    <ClCompile Include="2789.LargestElementinanArrayafterMergeOperations.cpp">
      <Filter>Source Files\Medium</Filter>
    </ClCompile>
    <ClCompile Include="2673.MakeCostsofPathsEqualinaBinaryTree.cpp">
      <Filter>Source Files\Medium</Filter>
    </ClCompile>
    <ClCompile Include="2812.FindtheSafestPathinaGrid.cpp">
      <Filter>Source Files\Medium</Filter>
    </ClCompile>
    <ClCompile Include="2749.MinimumOperationstoMaketheIntegerZero.cpp">
      <Filter>Source Files\Medium</Filter>
    </ClCompile>
    <ClCompile Include="2780.MinimumIndexofaValidSplit.cpp">
      <Filter>Source Files\Medium</Filter>
    </ClCompile>
    <ClCompile Include="2849.DetermineifaCellIsReachableataGivenTime.cpp">
      <Filter>Source Files\Medium</Filter>
    </ClCompile>
    <ClCompile Include="2785.SortVowelsInaString.cpp">
      <Filter>Source Files\Medium</Filter>
    </ClCompile>
    <ClCompile Include="565.ArrayNesting.cpp">
      <Filter>Source Files\Medium</Filter>
    </ClCompile>
    <ClCompile Include="592.FractionAdditionandSubtraction.cpp">
      <Filter>Source Files\Medium</Filter>
    </ClCompile>
    <ClCompile Include="1493.LongestSubarrayof1sAfterDeletingOneElement.cpp">
      <Filter>Source Files\Medium</Filter>
    </ClCompile>
    <ClCompile Include="1545.FindKthBitinNthBinaryString.cpp">
      <Filter>Source Files\Medium</Filter>
    </ClCompile>
    <ClCompile Include="1685.SumofAbsoluteDifferencesinaSortedArray.cpp">
      <Filter>Source Files\Medium</Filter>
    </ClCompile>
    <ClCompile Include="1663.SmallestStringWithAGivenNumbericValue.cpp">
      <Filter>Source Files\Medium</Filter>
    </ClCompile>
    <ClCompile Include="2564.SubstringXORQueries.cpp">
      <Filter>Source Files\Medium</Filter>
    </ClCompile>
    <ClCompile Include="2326.SpiralMatrixIV.cpp">
      <Filter>Source Files\Medium</Filter>
    </ClCompile>
    <ClCompile Include="2348.NumberofZeroFilledSubarrays.cpp">
      <Filter>Source Files\Medium</Filter>
    </ClCompile>
    <ClCompile Include="2397.MaximumRowscoveredbyColumns.cpp">
      <Filter>Source Files\Medium</Filter>
    </ClCompile>
    <ClCompile Include="2442.CountNumberofDistanctIntegersAfter.cpp">
      <Filter>Source Files\Medium</Filter>
    </ClCompile>
    <ClCompile Include="2424.LongestUploadedPrefix.cpp">
      <Filter>Source Files\Medium</Filter>
    </ClCompile>
    <ClCompile Include="2576.FindtheMaximumNumberofMarkedIndices.cpp">
      <Filter>Source Files\Medium</Filter>
    </ClCompile>
    <ClCompile Include="2274.MaximumConsecutiveFloorsWithoutSpecialFloors.cpp">
      <Filter>Source Files\Medium</Filter>
    </ClCompile>
    <ClCompile Include="2149.RearrangeArrayElementsbySign.cpp">
      <Filter>Source Files\Medium</Filter>
    </ClCompile>
    <ClCompile Include="2256.MinimumAverageDifference.cpp">
      <Filter>Source Files\Medium</Filter>
    </ClCompile>
    <ClCompile Include="2332.TheLatestTimetoCatchaBus.cpp">
      <Filter>Source Files\Medium</Filter>
    </ClCompile>
    <ClCompile Include="2208.MinimumOperationstoHalveArraySum.cpp">
      <Filter>Source Files\Medium</Filter>
    </ClCompile>
    <ClCompile Include="2171.RemovingMinimumNumberofMagicBeans.cpp">
      <Filter>Source Files\Medium</Filter>
    </ClCompile>
    <ClCompile Include="1008.ConstructBinarySearchTreeFromPreorderTraversal.cpp">
      <Filter>Source Files\Medium</Filter>
    </ClCompile>
    <ClCompile Include="1146.SnapshotArray.cpp">
      <Filter>Source Files\Medium</Filter>
    </ClCompile>
    <ClCompile Include="1090.LargestValuesFromLabels.cpp">
      <Filter>Source Files\Medium</Filter>
    </ClCompile>
    <ClCompile Include="1124.LongestWellPerformingInterval.cpp">
      <Filter>Source Files\Medium</Filter>
    </ClCompile>
    <ClCompile Include="1052.GrumpyBookstoreOwner.cpp">
      <Filter>Source Files\Medium</Filter>
    </ClCompile>
    <ClCompile Include="1011.CapacityToShipPackagesWithinDDays.cpp">
      <Filter>Source Files\Medium</Filter>
    </ClCompile>
    <ClCompile Include="966.VowelSpellchecker.cpp">
      <Filter>Source Files\Medium</Filter>
    </ClCompile>
    <ClCompile Include="1004.MaxConsequtiveOnesIII.cpp">
      <Filter>Source Files\Medium</Filter>
    </ClCompile>
    <ClCompile Include="967.NumbersWithSameConsecutiveDifferences.cpp">
      <Filter>Source Files\Medium</Filter>
    </ClCompile>
    <ClCompile Include="1023.CamelcaseMatching.cpp">
      <Filter>Source Files\Medium</Filter>
    </ClCompile>
    <ClCompile Include="950.RevealCardsInIncreasingOrder.cpp">
      <Filter>Source Files\Medium</Filter>
    </ClCompile>
    <ClCompile Include="931.MinimumFallingPathSum.cpp">
      <Filter>Source Files\Medium</Filter>
    </ClCompile>
    <ClCompile Include="869.ReorderedPowerof2.cpp">
      <Filter>Source Files\Medium</Filter>
    </ClCompile>
    <ClCompile Include="901.OnlineStockSpan.cpp">
      <Filter>Source Files\Medium</Filter>
    </ClCompile>
    <ClCompile Include="947.MostStonesRemovedwithSameRaworColumn.cpp">
      <Filter>Source Files\Medium</Filter>
    </ClCompile>
    <ClCompile Include="880.DecodedStringatIndex.cpp">
      <Filter>Source Files\Medium</Filter>
    </ClCompile>
    <ClCompile Include="934.ShortestBridge.cpp">
      <Filter>Source Files\Medium</Filter>
    </ClCompile>
    <ClCompile Include="881.BoatstoSavePeople.cpp">
      <Filter>Source Files\Medium</Filter>
    </ClCompile>
    <ClCompile Include="973.KClosestPointstoOrigin.cpp">
      <Filter>Source Files\Medium</Filter>
    </ClCompile>
    <ClCompile Include="874.WalkingrobotSimulation.cpp">
      <Filter>Source Files\Medium</Filter>
    </ClCompile>
    <ClCompile Include="822.CardFlippingGame.cpp">
      <Filter>Source Files\Medium</Filter>
    </ClCompile>
    <ClCompile Include="791.CustomSortString.cpp">
      <Filter>Source Files\Medium</Filter>
    </ClCompile>
    <ClCompile Include="820.SortEncodingofWords.cpp">
      <Filter>Source Files\Medium</Filter>
    </ClCompile>
    <ClCompile Include="650.2KeysKeyboard.cpp">
      <Filter>Source Files\Medium</Filter>
    </ClCompile>
    <ClCompile Include="648.ReplaceWords.cpp">
      <Filter>Source Files\Medium</Filter>
    </ClCompile>
    <ClCompile Include="655.PrintBinaryTree.cpp">
      <Filter>Source Files\Medium</Filter>
    </ClCompile>
    <ClCompile Include="528.RandomPickwihWeight.cpp">
      <Filter>Source Files\Medium</Filter>
    </ClCompile>
    <ClCompile Include="133.CloneGraph.cpp">
      <Filter>Source Files\Medium</Filter>
    </ClCompile>
    <ClCompile Include="1353.MaximumNumberofEventsThatCanBeAttended.cpp">
      <Filter>Source Files\Medium</Filter>
    </ClCompile>
    <ClCompile Include="2826.SortingThreeGroups.cpp">
      <Filter>Source Files\Medium</Filter>
    </ClCompile>
    <ClCompile Include="2683.NeighboringBitwiseXOR.cpp">
      <Filter>Source Files\Medium</Filter>
    </ClCompile>
    <ClCompile Include="2560.HouseRobberIV.cpp">
      <Filter>Source Files\Medium</Filter>
    </ClCompile>
    <ClCompile Include="2483.MinimumPenaltyforaShop.cpp">
      <Filter>Source Files\Medium</Filter>
    </ClCompile>
    <ClCompile Include="2406.DivideIntervalsInfoMinimumNumberofGroups.cpp">
      <Filter>Source Files\Medium</Filter>
    </ClCompile>
    <ClCompile Include="2400.NumberofWaystoReach.cpp">
      <Filter>Source Files\Medium</Filter>
    </ClCompile>
    <ClCompile Include="2390.RemovingStarsFromaString.cpp">
      <Filter>Source Files\Medium</Filter>
    </ClCompile>
    <ClCompile Include="2365.TaskSchedulerII.cpp">
      <Filter>Source Files\Medium</Filter>
    </ClCompile>
    <ClCompile Include="3115.MaximumPrimeDifference.cpp">
      <Filter>Source Files\Medium</Filter>
    </ClCompile>
    <ClCompile Include="3305.CountofSubstringsContainingEveryVowelandKConsonatsI.cpp">
      <Filter>Source Files\Medium</Filter>
    </ClCompile>
    <ClCompile Include="963.MinimumAreaRectangleII.cpp">
      <Filter>Source Files\Medium</Filter>
    </ClCompile>
    <ClCompile Include="3377.DigitOperationsToMakeTwoIntegersEqual.cpp">
      <Filter>Source Files\Medium</Filter>
    </ClCompile>
    <ClCompile Include="2135.CountWordsObtainedAfterAddingaLetter.cpp">
      <Filter>Source Files\Medium</Filter>
    </ClCompile>
    <ClCompile Include="2967.MinumumCosttoMakeArrayEqualindromic.cpp">
      <Filter>Source Files\Medium</Filter>
    </ClCompile>
    <ClCompile Include="2875.CountPairsofPointsWithDistanceK.cpp">
      <Filter>Source Files\Medium</Filter>
    </ClCompile>
    <ClCompile Include="1390.FourDivisors.cpp">
      <Filter>Source Files\Medium</Filter>
    </ClCompile>
    <ClCompile Include="767.ReorganizeString.cpp">
      <Filter>Source Files\Medium</Filter>
    </ClCompile>
    <ClCompile Include="3191.MinimumOperationstoMakeBinaryArrayElementsEqualtoOneI.cpp">
      <Filter>Source Files\Medium</Filter>
    </ClCompile>
    <ClCompile Include="2284.SenderWithLargestWordCount.cpp">
      <Filter>Source Files\Medium</Filter>
    </ClCompile>
    <ClCompile Include="62.UniquePaths.cpp">
      <Filter>Source Files\Medium</Filter>
    </ClCompile>
    <ClCompile Include="3381.MaximumSubarraySumWithLengthdivisiblebyK.cpp">
      <Filter>Source Files\Medium</Filter>
    </ClCompile>
    <ClCompile Include="347.TopKFrequentElements.cpp">
      <Filter>Source Files\Medium</Filter>
    </ClCompile>
    <ClCompile Include="853.CarFleet.cpp">
      <Filter>Source Files\Medium</Filter>
    </ClCompile>
    <ClCompile Include="841.KeysandRooms.cpp">
      <Filter>Source Files\Medium</Filter>
    </ClCompile>
    <ClCompile Include="378.KthSmallestElementinaSortedMatrix.cpp">
      <Filter>Source Files\Medium</Filter>
    </ClCompile>
    <ClCompile Include="937.ReorderDataInLogFiles.cpp">
      <Filter>Source Files\Medium</Filter>
    </ClCompile>
    <ClCompile Include="2746.DecrementalStringConcatenation.cpp">
      <Filter>Source Files\Medium</Filter>
    </ClCompile>
    <ClCompile Include="3176.FindtheMaximumLengthofaGoodSubsequenceI.cpp">
      <Filter>Source Files\Medium</Filter>
    </ClCompile>
    <ClCompile Include="2343.QueryKthSmallestTrimmedNumber.cpp">
      <Filter>Source Files\Medium</Filter>
    </ClCompile>
    <ClCompile Include="235.LowestCommonAncestorofaBinarySearchTree.cpp">
      <Filter>Source Files\Medium</Filter>
    </ClCompile>
    <ClCompile Include="1170.CompareStringsbyFrequencyofTheSmallestCharacter.cpp">
      <Filter>Source Files\Medium</Filter>
    </ClCompile>
    <ClCompile Include="3397.MaximumNumberofDistinctElementsAfterOperations.cpp">
      <Filter>Source Files\Medium</Filter>
    </ClCompile>
    <ClCompile Include="2546.ApplyBitwiseOperationstoMakeStringsEqual.cpp">
      <Filter>Source Files\Medium</Filter>
    </ClCompile>
    <ClCompile Include="3249.CounttheNumberofGodNodes.cpp">
      <Filter>Source Files\Medium</Filter>
    </ClCompile>
    <ClCompile Include="1898.MaximumNumberofRemovableCharacters.cpp">
      <Filter>Source Files\Medium</Filter>
    </ClCompile>
    <ClCompile Include="2187.MinimumTimetocompleteTrips.cpp">
      <Filter>Source Files\Medium</Filter>
    </ClCompile>
    <ClCompile Include="201.BitwiseAndofNumbersRange.cpp">
      <Filter>Source Files\Medium</Filter>
    </ClCompile>
    <ClCompile Include="1415.TheKthLexicographicalStringofAllHappyStringsofLengthn.cpp">
      <Filter>Source Files\Medium</Filter>
    </ClCompile>
    <ClCompile Include="2095.DeletetheMiddleNodeofaLinkedList.cpp">
      <Filter>Source Files\Medium</Filter>
    </ClCompile>
    <ClCompile Include="3144.MinimumSubstringPartitionofEqualCharacterFrequency.cpp">
      <Filter>Source Files\Medium</Filter>
    </ClCompile>
    <ClCompile Include="2556.DisconnectPathInaBinaryMatrixByatMostOneFlip.cpp">
      <Filter>Source Files\Medium</Filter>
    </ClCompile>
    <ClCompile Include="2201.CountArtifactsThatCanBeExtacted.cpp">
      <Filter>Source Files\Medium</Filter>
    </ClCompile>
    <ClCompile Include="1578.MinimumTimetoMakeRopeColorful.cpp">
      <Filter>Source Files\Medium</Filter>
    </ClCompile>
    <ClCompile Include="2017.GridGame.cpp">
      <Filter>Source Files\Medium</Filter>
    </ClCompile>
    <ClCompile Include="24.SwapNodesInPairs.cpp">
      <Filter>Source Files\Medium</Filter>
    </ClCompile>
    <ClCompile Include="861.ScoreAfterFlippingMatrix.cpp">
      <Filter>Source Files\Medium</Filter>
    </ClCompile>
    <ClCompile Include="275.H-IndexII.cpp">
      <Filter>Source Files\Medium</Filter>
    </ClCompile>
    <ClCompile Include="3170.LexicographicallyMinimumStringAfterRemovingStars.cpp">
      <Filter>Source Files\Medium</Filter>
    </ClCompile>
    <ClCompile Include="1833.MaximumIceCreamBars.cpp">
      <Filter>Source Files\Medium</Filter>
    </ClCompile>
    <ClCompile Include="1305.AllElementsInTwoBinarySearchTrees.cpp">
      <Filter>Source Files\Medium</Filter>
    </ClCompile>
    <ClCompile Include="769.MaxChunksToMakeSorted.cpp">
      <Filter>Source Files\Medium</Filter>
    </ClCompile>
    <ClCompile Include="2787.WaytoExpressanIntegerasSumofPowers.cpp">
      <Filter>Source Files\Medium</Filter>
    </ClCompile>
    <ClCompile Include="2829.DeterminetheMinimumSumofaKavoidingArray.cpp">
      <Filter>Source Files\Medium</Filter>
    </ClCompile>
    <ClCompile Include="2491.DividePlayersInfoTeamsofEqualSkill.cpp">
      <Filter>Source Files\Medium</Filter>
    </ClCompile>
    <ClCompile Include="3076.SortestUncommonSubstringInanArray.cpp">
      <Filter>Source Files\Medium</Filter>
    </ClCompile>
    <ClCompile Include="2766.RelocateMarbles.cpp">
      <Filter>Source Files\Medium</Filter>
    </ClCompile>
    <ClCompile Include="1818.MinimumAbsoluteSumdifference.cpp">
      <Filter>Source Files\Medium</Filter>
    </ClCompile>
    <ClCompile Include="3175.FindTheFirstPlayertoWinKgamesInaRow.cpp">
      <Filter>Source Files\Medium</Filter>
    </ClCompile>
    <ClCompile Include="2337.MovePiecestoObtainaString.cpp">
      <Filter>Source Files\Medium</Filter>
    </ClCompile>
    <ClCompile Include="1524.NumberofSubarraysWithOddSum.cpp">
      <Filter>Source Files\Medium</Filter>
    </ClCompile>
    <ClCompile Include="2943.MaximizeAreaofSquairHoleInGrid.cpp">
      <Filter>Source Files\Medium</Filter>
    </ClCompile>
    <ClCompile Include="343.IntegerBreak.cpp">
      <Filter>Source Files\Medium</Filter>
    </ClCompile>
    <ClCompile Include="1311.GetWatchedVideosbyYourFriends.cpp">
      <Filter>Source Files\Medium</Filter>
    </ClCompile>
    <ClCompile Include="1870.MinimumSpeedtoArraiveOnTime.cpp">
      <Filter>Source Files\Medium</Filter>
    </ClCompile>
    <ClCompile Include="1653.MinimumDeletionstoMakeStringBalanced.cpp">
      <Filter>Source Files\Medium</Filter>
    </ClCompile>
    <ClCompile Include="432.ReconstructOriginalDigitsFromEnglish.cpp">
      <Filter>Source Files\Medium</Filter>
    </ClCompile>
    <ClCompile Include="1471.TheKStrongestValuesInAnArray.cpp">
      <Filter>Source Files\Medium</Filter>
    </ClCompile>
    <ClCompile Include="388.LongestAbsoluteFilePath.cpp">
      <Filter>Source Files\Medium</Filter>
    </ClCompile>
    <ClCompile Include="15.3Sum.cpp">
      <Filter>Source Files\Medium</Filter>
    </ClCompile>
    <ClCompile Include="198.HouseRobber.cpp">
      <Filter>Source Files\Medium</Filter>
    </ClCompile>
    <ClCompile Include="64.MinimumPathSum.cpp">
      <Filter>Source Files\Medium</Filter>
    </ClCompile>
    <ClCompile Include="2966.DivideArrayIntoArraysWithMaxDifference.cpp">
      <Filter>Source Files\Medium</Filter>
    </ClCompile>
    <ClCompile Include="2939.MaximumXorProduct.cpp">
      <Filter>Source Files\Medium</Filter>
    </ClCompile>
    <ClCompile Include="3039.ApplyOperationstoMakeStringEmpty.cpp">
      <Filter>Source Files\Medium</Filter>
    </ClCompile>
    <ClCompile Include="1590.MakeSumdivisibleByP.cpp">
      <Filter>Source Files\Medium</Filter>
    </ClCompile>
    <ClCompile Include="106.ConstructBinaryTree.cpp">
      <Filter>Source Files\Medium</Filter>
    </ClCompile>
    <ClCompile Include="2527.FindXorBeautyofArray.cpp">
      <Filter>Source Files\Medium</Filter>
    </ClCompile>
    <ClCompile Include="2150.FindAllLonelyNumbersInTheArray.cpp">
      <Filter>Source Files\Medium</Filter>
    </ClCompile>
    <ClCompile Include="1626.BestTeamWithNoConflicts.cpp">
      <Filter>Source Files\Medium</Filter>
    </ClCompile>
    <ClCompile Include="3208.AlternatingGroupsII.cpp">
      <Filter>Source Files\Medium</Filter>
    </ClCompile>
    <ClCompile Include="624.MaximumDistanceInArrays.cpp">
      <Filter>Source Files\Medium</Filter>
    </ClCompile>
    <ClCompile Include="2933.HighAccessEmployees.cpp">
      <Filter>Source Files\Medium</Filter>
    </ClCompile>
    <ClCompile Include="1631.PathWithMinimumEffort.cpp">
      <Filter>Source Files\Medium</Filter>
    </ClCompile>
    <ClCompile Include="1936.AddMinimumNumberofRungs.cpp">
      <Filter>Source Files\Medium</Filter>
    </ClCompile>
    <ClCompile Include="1785.MinimumElementstoAddtoFormaGivenSum.cpp">
      <Filter>Source Files\Medium</Filter>
    </ClCompile>
    <ClCompile Include="1019.NextGreaterNodeInLinkedList.cpp">
      <Filter>Source Files\Medium</Filter>
    </ClCompile>
    <ClCompile Include="3223.MinimumLengthofStringAfterOperations.cpp">
      <Filter>Source Files\Medium</Filter>
    </ClCompile>
    <ClCompile Include="1219.PathwithMaximumGold.cpp">
      <Filter>Source Files\Medium</Filter>
    </ClCompile>
    <ClCompile Include="2166.DesignBitset.cpp">
      <Filter>Source Files\Medium</Filter>
    </ClCompile>
    <ClCompile Include="3428.MaximumandMinimumSumsofatMostSizeKSubsequences.cpp">
      <Filter>Source Files\Medium</Filter>
    </ClCompile>
    <ClCompile Include="2476.ClosestNodesQueriesinaBinarySearchTree.cpp">
      <Filter>Source Files\Medium</Filter>
    </ClCompile>
    <ClCompile Include="1657.DetermineIfTwoStringsAreClose.cpp">
      <Filter>Source Files\Medium</Filter>
    </ClCompile>
    <ClCompile Include="3254.FindthePowerofKSizeSubarraysI.cpp">
      <Filter>Source Files\Medium</Filter>
    </ClCompile>
    <ClCompile Include="754.ReachaNumber.cpp">
      <Filter>Source Files\Medium</Filter>
    </ClCompile>
    <ClCompile Include="2021.SumofBeautyintheArray.cpp">
      <Filter>Source Files\Medium</Filter>
    </ClCompile>
    <ClCompile Include="80.RemoveDuplicatefromsortedArrayII.cpp">
      <Filter>Source Files\Medium</Filter>
    </ClCompile>
    <ClCompile Include="2178.MaximumSplitofPositiveEvenIntegers.cpp">
      <Filter>Source Files\Medium</Filter>
    </ClCompile>
    <ClCompile Include="457.CircularArrayLoop.cpp">
      <Filter>Source Files\Medium</Filter>
    </ClCompile>
    <ClCompile Include="117.PopulatingNextRightPointersinEachNodeII.cpp">
      <Filter>Source Files\Medium</Filter>
    </ClCompile>
    <ClCompile Include="400.NthDigit.cpp">
      <Filter>Source Files\Medium</Filter>
    </ClCompile>
    <ClCompile Include="1797.DesignAuthenticationManager.cpp">
      <Filter>Source Files\Medium</Filter>
    </ClCompile>
    <ClCompile Include="457.UniqueSubstringsInWraparoundString.cpp">
      <Filter>Source Files\Medium</Filter>
    </ClCompile>
    <ClCompile Include="300.LongestIncreasingSubsequence.cpp">
      <Filter>Source Files\Medium</Filter>
    </ClCompile>
    <ClCompile Include="341.FlattenNestedListIterator.cpp">
      <Filter>Source Files\Medium</Filter>
    </ClCompile>
    <ClCompile Include="1039.MinimumScoreTriangulationofPolygon.cpp">
      <Filter>Source Files\Medium</Filter>
    </ClCompile>
    <ClCompile Include="1806.MinimumNumofOperationstoReInitializeaPermutation.cpp">
      <Filter>Source Files\Medium</Filter>
    </ClCompile>
    <ClCompile Include="1921.EliminateMaximumNumberofMonsters.cpp">
      <Filter>Source Files\Medium</Filter>
    </ClCompile>
    <ClCompile Include="3271.HashDividedString.cpp">
      <Filter>Source Files\Medium</Filter>
    </ClCompile>
    <ClCompile Include="523.ContinuousSubarraySum.cpp">
      <Filter>Source Files\Medium</Filter>
    </ClCompile>
    <ClCompile Include="3576.TrasformArrayToAllEqualElements.cpp">
      <Filter>Source Files\Medium</Filter>
    </ClCompile>
    <ClCompile Include="764.LargestPlusSign.cpp">
      <Filter>Source Files\Medium</Filter>
    </ClCompile>
    <ClCompile Include="1721.SwappingNodesinaLinkedList.cpp">
      <Filter>Source Files\Medium</Filter>
    </ClCompile>
    <ClCompile Include="1292.MaximumSideLengthofaSquarewithSumLessThanorEqualtoThreshold.cpp">
      <Filter>Source Files\Medium</Filter>
    </ClCompile>
    <ClCompile Include="2470.NumberofsubarraysWithLCMEqualtoK.cpp">
      <Filter>Source Files\Medium</Filter>
    </ClCompile>
    <ClCompile Include="462.MinimumMovestoEqualArrayElementsII.cpp">
      <Filter>Source Files\Medium</Filter>
    </ClCompile>
    <ClCompile Include="939.MinimumAreaRectangle.cpp">
      <Filter>Source Files\Medium</Filter>
    </ClCompile>
    <ClCompile Include="1017.convertToBase2.cpp">
      <Filter>Source Files\Medium</Filter>
    </ClCompile>
    <ClCompile Include="17.LetterCombinationsofaPhoneNumber.cpp">
      <Filter>Source Files\Medium</Filter>
    </ClCompile>
    <ClCompile Include="3316.FindMaxRemovalsFromSourceString.cpp">
      <Filter>Source Files\Medium</Filter>
    </ClCompile>
    <ClCompile Include="2370.LongestIdealSubsequence.cpp">
      <Filter>Source Files\Medium</Filter>
    </ClCompile>
    <ClCompile Include="740.DeleteandEarn.cpp">
      <Filter>Source Files\Medium</Filter>
    </ClCompile>
    <ClCompile Include="59.SpiralMatrixII.cpp">
      <Filter>Source Files\Medium</Filter>
    </ClCompile>
    <ClCompile Include="376.WiggleSubsequence.cpp">
      <Filter>Source Files\Medium</Filter>
    </ClCompile>
    <ClCompile Include="1442.CountTripletsthatCanFormTwoArraysofEqualXOR.cpp">
      <Filter>Source Files\Medium</Filter>
    </ClCompile>
    <ClCompile Include="946.ValidateStackSequences.cpp">
      <Filter>Source Files\Medium</Filter>
    </ClCompile>
    <ClCompile Include="1654.MinimumJumpstoReachHome.cpp">
      <Filter>Source Files\Medium</Filter>
    </ClCompile>
    <ClCompile Include="2091.RemovingMinimumandMaximumFromArray.cpp">
      <Filter>Source Files\Medium</Filter>
    </ClCompile>
    <ClCompile Include="2944.MinimumNumberofCoinsforFruits.cpp">
      <Filter>Source Files\Medium</Filter>
    </ClCompile>
    <ClCompile Include="2555.MaximizeWinFromTwoSegments.cpp">
      <Filter>Source Files\Medium</Filter>
    </ClCompile>
    <ClCompile Include="2829.DistributeCandiesAmongChildrenII.cpp">
      <Filter>Source Files\Medium</Filter>
    </ClCompile>
    <ClCompile Include="3584.MaximumProductofFirstandLastElementsofaSubsequence.cpp">
      <Filter>Source Files\Medium</Filter>
    </ClCompile>
    <ClCompile Include="43.MultiplyStrings.cpp">
      <Filter>Source Files\Medium</Filter>
    </ClCompile>
    <ClCompile Include="1362.ClosestDivisors.cpp">
      <Filter>Source Files\Medium</Filter>
    </ClCompile>
    <ClCompile Include="2359.FindClosestNodetoGivenTwoNodes.cpp">
      <Filter>Source Files\Medium</Filter>
    </ClCompile>
    <ClCompile Include="712.MinimumASCIIDeleteSumforTwoStrings.cpp">
      <Filter>Source Files\Medium</Filter>
    </ClCompile>
    <ClCompile Include="3371.IdentifytheLargestOutlierinanArray.cpp">
      <Filter>Source Files\Medium</Filter>
    </ClCompile>
    <ClCompile Include="3688.FindMaximumAreaofaTrianble.cpp">
      <Filter>Source Files\Medium</Filter>
    </ClCompile>
    <ClCompile Include="453.MinimumMovestoEqualArrayElements.cpp">
      <Filter>Source Files\Medium</Filter>
    </ClCompile>
    <ClCompile Include="2024.MaximizetheConfusionofanExam.cpp">
      <Filter>Source Files\Medium</Filter>
    </ClCompile>
    <ClCompile Include="3597.PartitionString.cpp">
      <Filter>Source Files\Medium</Filter>
    </ClCompile>
    <ClCompile Include="2537.CounttheNumberofGoodSubarrays.cpp">
      <Filter>Source Files\Medium</Filter>
    </ClCompile>
    <ClCompile Include="2090.KRadiusSubarrayAverages.cpp">
      <Filter>Source Files\Medium</Filter>
    </ClCompile>
    <ClCompile Include="3301.MaximizetheTotalHeightofUniqueTowers.cpp">
      <Filter>Source Files\Medium</Filter>
    </ClCompile>
    <ClCompile Include="2865.BeautifulTowersI.cpp">
      <Filter>Source Files\Medium</Filter>
    </ClCompile>
    <ClCompile Include="153.FindMaximuminRotatedSortedArray.cpp">
      <Filter>Source Files\Medium</Filter>
    </ClCompile>
    <ClCompile Include="1696.JumpGameVI.cpp">
      <Filter>Source Files\Medium</Filter>
    </ClCompile>
    <ClCompile Include="3137.MinimumNumberofOperationstoMakeWordKPeriodic.cpp">
      <Filter>Source Files\Medium</Filter>
    </ClCompile>
    <ClCompile Include="1621.NumberofSetsofKNonOverlappingLineSegments.cpp">
      <Filter>Source Files\Medium</Filter>
    </ClCompile>
    <ClCompile Include="2222.NumberofWaystoSelectBuildings.cpp">
      <Filter>Source Files\Medium</Filter>
    </ClCompile>
    <ClCompile Include="357.CountNumberswithUniqueDigits.cpp">
      <Filter>Source Files\Medium</Filter>
    </ClCompile>
    <ClCompile Include="1418.DisplayTableofFoodOrdersinaRestaurant.cpp">
      <Filter>Source Files\Medium</Filter>
    </ClCompile>
    <ClCompile Include="2507.SmallestValueAfterReplacingWithSumofPrimeFactors.cpp">
      <Filter>Source Files\Medium</Filter>
    </ClCompile>
    <ClCompile Include="82.RemoveDuplicatedfromSortedListII.cpp">
      <Filter>Source Files\Medium</Filter>
    </ClCompile>
    <ClCompile Include="116.PopulatingNextRightPointersinEachNode.cpp">
      <Filter>Source Files\Medium</Filter>
    </ClCompile>
    <ClCompile Include="2381.ShiftingLettersII.cpp">
      <Filter>Source Files\Medium</Filter>
    </ClCompile>
    <ClCompile Include="1726.TuplewithSameProduct.cpp">
      <Filter>Source Files\Medium</Filter>
    </ClCompile>
    <ClCompile Include="3192.MinimumOperationstoMakeBinaryArrayElementsEqualtoOneII.cpp">
      <Filter>Source Files\Medium</Filter>
    </ClCompile>
    <ClCompile Include="524.LongestWordinDictionarythroughDeleting.cpp">
      <Filter>Source Files\Medium</Filter>
    </ClCompile>
    <ClCompile Include="3228.MaximumNumberofOperationstoMoveOnestotheEnd.cpp">
      <Filter>Source Files\Medium</Filter>
    </ClCompile>
    <ClCompile Include="142.LinkedListCycleII.cpp">
      <Filter>Source Files\Medium</Filter>
    </ClCompile>
    <ClCompile Include="3297.CountSubstringsThanCanBeRearrangedtoContainaStringI.cpp">
      <Filter>Source Files\Medium</Filter>
    </ClCompile>
    <ClCompile Include="1035.UncrossedLines.cpp">
      <Filter>Source Files\Medium</Filter>
    </ClCompile>
    <ClCompile Include="2477.MinimumFuelCosttoReporttotheCapital.cpp">
      <Filter>Source Files\Medium</Filter>
    </ClCompile>
    <ClCompile Include="2541.MinimumOperationstoMakeArrayEqualII.cpp">
      <Filter>Source Files\Medium</Filter>
    </ClCompile>
    <ClCompile Include="1604.AlertUsingSame Key-Card Three or More Times in a One Hour Period.cpp">
      <Filter>Source Files\Medium</Filter>
    </ClCompile>
    <ClCompile Include="2439.MinimuzeMaximumofArray.cpp">
      <Filter>Source Files\Medium</Filter>
    </ClCompile>
    <ClCompile Include="3635.EarliestFinishTimeforLandand WaterRidesII.cpp">
      <Filter>Source Files\Medium</Filter>
    </ClCompile>
    <ClCompile Include="583.DeleteOperationforTwoStrings.cpp">
      <Filter>Source Files\Medium</Filter>
    </ClCompile>
    <ClCompile Include="865.SmallestSubtreewithalltheDeepestNodes.cpp">
      <Filter>Source Files\Medium</Filter>
    </ClCompile>
    <ClCompile Include="3667.FindMaximumNumberofNonIntersectingSubstrings.cpp">
      <Filter>Source Files\Medium</Filter>
    </ClCompile>
    <ClCompile Include="2750.WaystoSplitArrayIntoGoodSubarrays.cpp">
      <Filter>Source Files\Medium</Filter>
    </ClCompile>
    <ClCompile Include="1277.CountSquareSubmatriceswithAllOnes.cpp">
      <Filter>Source Files\Medium</Filter>
    </ClCompile>
    <ClCompile Include="667.BeautifulArrangementII.cpp">
      <Filter>Source Files\Medium</Filter>
    </ClCompile>
    <ClCompile Include="763.PartitionLabels.cpp">
      <Filter>Source Files\Medium</Filter>
    </ClCompile>
    <ClCompile Include="46.Permutations.cpp">
      <Filter>Source Files\Medium</Filter>
    </ClCompile>
    <ClCompile Include="1003.CheckIfWorldIsValidAfterSubstitutions.cpp">
      <Filter>Source Files\Medium</Filter>
    </ClCompile>
    <ClCompile Include="2745.ConstructTheLongestNewString.cpp">
      <Filter>Source Files\Medium</Filter>
    </ClCompile>
    <ClCompile Include="2585.CountTheNumberofCompleteComponents.cpp">
      <Filter>Source Files\Medium</Filter>
    </ClCompile>
    <ClCompile Include="3607.PowerGridMaintenance.cpp">
      <Filter>Source Files\Medium</Filter>
    </ClCompile>
    <ClCompile Include="2834.FindtheMinimumPossibleSumofaBeautifulArray.cpp">
      <Filter>Source Files\Medium</Filter>
    </ClCompile>
    <ClCompile Include="481.MegicalString.cpp">
      <Filter>Source Files\Medium</Filter>
    </ClCompile>
    <ClCompile Include="2934.MinimumOperationstoMaximizeLastElementsinArrays.cpp">
      <Filter>Source Files\Medium</Filter>
    </ClCompile>
    <ClCompile Include="567.PermutationInString.cpp">
      <Filter>Source Files\Medium</Filter>
    </ClCompile>
    <ClCompile Include="402.RemoveKDigits.cpp">
      <Filter>Source Files\Medium</Filter>
    </ClCompile>
    <ClCompile Include="1443.MinimumTimetoCollectAllApplesInaTree.cpp">
      <Filter>Source Files\Medium</Filter>
    </ClCompile>
    <ClCompile Include="55.JumpGame.cpp">
      <Filter>Source Files\Medium</Filter>
    </ClCompile>
    <ClCompile Include="3239.MinimumNumberofFlipstoMakeBinaryGridPalindromicI.cpp">
      <Filter>Source Files\Medium</Filter>
    </ClCompile>
    <ClCompile Include="397.IntegerReplacement.cpp">
      <Filter>Source Files\Medium</Filter>
    </ClCompile>
    <ClCompile Include="686.RepeatedStringMatch.cpp">
      <Filter>Source Files\Medium</Filter>
    </ClCompile>
    <ClCompile Include="3612.ProcessStringwithSpecialOperationsI.cpp">
      <Filter>Source Files\Medium</Filter>
    </ClCompile>
    <ClCompile Include="1508.RangeSumofSortedSubarraySums.cpp">
      <Filter>Source Files\Medium</Filter>
    </ClCompile>
    <ClCompile Include="3404.CountSpecialSubsequences.cpp">
      <Filter>Source Files\Medium</Filter>
    </ClCompile>
    <ClCompile Include="1386.CinemaSeatAllocation.cpp">
      <Filter>Source Files\Medium</Filter>
    </ClCompile>
    <ClCompile Include="3676.CountBowlSubarrays.cpp">
      <Filter>Source Files\Medium</Filter>
    </ClCompile>
    <ClCompile Include="179.LargestNumber.cpp">
      <Filter>Source Files\Medium</Filter>
    </ClCompile>
    <ClCompile Include="1061.LexicographicallySmallestEquivalentString.cpp">
      <Filter>Source Files\Medium</Filter>
    </ClCompile>
    <ClCompile Include="3366.MinimumArraySum.cpp">
      <Filter>Source Files\Medium</Filter>
    </ClCompile>
    <ClCompile Include="2244.MinimumRoundstoCompleteAllTasks.cpp">
      <Filter>Source Files\Medium</Filter>
    </ClCompile>
    <ClCompile Include="3660.JumpGameIX.cpp">
      <Filter>Source Files\Medium</Filter>
    </ClCompile>
    <ClCompile Include="3489.ZeroArrayTransformationIV.cpp">
      <Filter>Source Files\Medium</Filter>
    </ClCompile>
    <ClCompile Include="2654.MinimumNumberofOperationstoMakeAllArrayElementsEqualto1.cpp">
      <Filter>Source Files\Medium</Filter>
    </ClCompile>
    <ClCompile Include="3503.LongestPalindromeAfterSubstringConcatenationI.cpp">
      <Filter>Source Files\Medium</Filter>
    </ClCompile>
    <ClCompile Include="3537.FillASpecialGrid.cpp">
      <Filter>Source Files\Medium</Filter>
    </ClCompile>
    <ClCompile Include="1701.AverageWaitingTime.cpp">
      <Filter>Source Files\Medium</Filter>
    </ClCompile>
    <ClCompile Include="725.SplitLinkedListInParts.cpp">
      <Filter>Source Files\Medium</Filter>
    </ClCompile>
  </ItemGroup>
  <ItemGroup>
    <None Include="1734.DecodeXORedPermutation.cpp">
      <Filter>Source Files\Medium</Filter>
    </None>
  </ItemGroup>
</Project>